// !$*UTF8*$!
{
	archiveVersion = 1;
	classes = {
	};
	objectVersion = 42;
	objects = {

/* Begin PBXBuildFile section */
		0D1B0ABF0551E1E000626EFE /* ApplicationController.m in Sources */ = {isa = PBXBuildFile; fileRef = 0D1B0AB50551E1DF00626EFE /* ApplicationController.m */; };
		0D1B0AC30551E1E000626EFE /* ChannelModal.m in Sources */ = {isa = PBXBuildFile; fileRef = 0D1B0AB90551E1DF00626EFE /* ChannelModal.m */; };
		0D1B0AC70551E1E000626EFE /* ConsoleTextView.m in Sources */ = {isa = PBXBuildFile; fileRef = 0D1B0ABD0551E1E000626EFE /* ConsoleTextView.m */; };
		0D1B0AED0551E1F000626EFE /* FormatTable.m in Sources */ = {isa = PBXBuildFile; fileRef = 0D1B0ACC0551E1EF00626EFE /* FormatTable.m */; };
		0D1B0AF00551E1F000626EFE /* IRcatInterface.m in Sources */ = {isa = PBXBuildFile; fileRef = 0D1B0ACF0551E1EF00626EFE /* IRcatInterface.m */; };
		0D1B0AF20551E1F000626EFE /* IRcatUtilities.m in Sources */ = {isa = PBXBuildFile; fileRef = 0D1B0AD10551E1EF00626EFE /* IRcatUtilities.m */; };
		0D1B0AF40551E1F000626EFE /* IRCMessage.m in Sources */ = {isa = PBXBuildFile; fileRef = 0D1B0AD30551E1EF00626EFE /* IRCMessage.m */; };
		0D1B0AF50551E1F000626EFE /* IRCSession_Handle.m in Sources */ = {isa = PBXBuildFile; fileRef = 0D1B0AD40551E1EF00626EFE /* IRCSession_Handle.m */; };
		0D1B0AF60551E1F000626EFE /* IRCSession_Send.m in Sources */ = {isa = PBXBuildFile; fileRef = 0D1B0AD50551E1EF00626EFE /* IRCSession_Send.m */; };
		0D1B0AF80551E1F000626EFE /* IRCSession.m in Sources */ = {isa = PBXBuildFile; fileRef = 0D1B0AD70551E1EF00626EFE /* IRCSession.m */; };
		0D1B0AFA0551E1F000626EFE /* MainWindowController.m in Sources */ = {isa = PBXBuildFile; fileRef = 0D1B0AD90551E1EF00626EFE /* MainWindowController.m */; };
		0D1B0AFC0551E1F000626EFE /* NickListItem.m in Sources */ = {isa = PBXBuildFile; fileRef = 0D1B0ADB0551E1EF00626EFE /* NickListItem.m */; };
		0D1B0AFE0551E1F000626EFE /* PreferenceWindowController.m in Sources */ = {isa = PBXBuildFile; fileRef = 0D1B0ADD0551E1EF00626EFE /* PreferenceWindowController.m */; };
		0D1B0B010551E1F000626EFE /* PreferenceModal.m in Sources */ = {isa = PBXBuildFile; fileRef = 0D1B0AE00551E1EF00626EFE /* PreferenceModal.m */; };
		0D1B0B030551E1F000626EFE /* ScrollView.m in Sources */ = {isa = PBXBuildFile; fileRef = 0D1B0AE20551E1EF00626EFE /* ScrollView.m */; };
		0D1B0B070551E1F000626EFE /* ServersModal.m in Sources */ = {isa = PBXBuildFile; fileRef = 0D1B0AE60551E1EF00626EFE /* ServersModal.m */; };
		0D1B0B090551E1F000626EFE /* TCPConnection.m in Sources */ = {isa = PBXBuildFile; fileRef = 0D1B0AE80551E1EF00626EFE /* TCPConnection.m */; };
		0D1B0B100551E22000626EFE /* add.tiff in Resources */ = {isa = PBXBuildFile; fileRef = 0D1B0B0B0551E22000626EFE /* add.tiff */; };
		0D1B0B120551E22000626EFE /* channel_console.tiff in Resources */ = {isa = PBXBuildFile; fileRef = 0D1B0B0D0551E22000626EFE /* channel_console.tiff */; };
		0D1B0B150551E24600626EFE /* delete.tiff in Resources */ = {isa = PBXBuildFile; fileRef = 0D1B0B140551E24600626EFE /* delete.tiff */; };
		0D1B0B220551E26000626EFE /* ircat.icns in Resources */ = {isa = PBXBuildFile; fileRef = 0D1B0B1C0551E26000626EFE /* ircat.icns */; };
		0D1B0B240551E26000626EFE /* op.tiff in Resources */ = {isa = PBXBuildFile; fileRef = 0D1B0B1E0551E26000626EFE /* op.tiff */; };
		0D1B787B0A9A7FF900018976 /* ServersController.h in Headers */ = {isa = PBXBuildFile; fileRef = 0D1B78790A9A7FF900018976 /* ServersController.h */; };
		0D1B787C0A9A7FF900018976 /* ServersController.m in Sources */ = {isa = PBXBuildFile; fileRef = 0D1B787A0A9A7FF900018976 /* ServersController.m */; };
		0D1B78B50A9AC1CB00018976 /* ImageNameToImageTransformer.h in Headers */ = {isa = PBXBuildFile; fileRef = 0D1B78B30A9AC1CB00018976 /* ImageNameToImageTransformer.h */; };
		0D1B78B60A9AC1CB00018976 /* ImageNameToImageTransformer.m in Sources */ = {isa = PBXBuildFile; fileRef = 0D1B78B40A9AC1CB00018976 /* ImageNameToImageTransformer.m */; };
		0D226AD70667124300952799 /* InputSheet.h in Headers */ = {isa = PBXBuildFile; fileRef = 0D226AD50667124300952799 /* InputSheet.h */; };
		0D226AD80667124300952799 /* InputSheet.m in Sources */ = {isa = PBXBuildFile; fileRef = 0D226AD60667124300952799 /* InputSheet.m */; };
		0D2932390B670D1E005BB4CE /* icon_warning.tiff in Resources */ = {isa = PBXBuildFile; fileRef = 0D2932380B670D1E005BB4CE /* icon_warning.tiff */; };
		0D3A7E1C066C029B0026B9BA /* FormatItem.h in Headers */ = {isa = PBXBuildFile; fileRef = 0D1B0AC90551E1EF00626EFE /* FormatItem.h */; };
		0D3A7E1D066C029F0026B9BA /* FormatItem.m in Sources */ = {isa = PBXBuildFile; fileRef = 0D1B0ACA0551E1EF00626EFE /* FormatItem.m */; };
		0D3A812E066E8D0E0026B9BA /* log_on.tiff in Resources */ = {isa = PBXBuildFile; fileRef = 0D3A812D066E8D0D0026B9BA /* log_on.tiff */; };
		0D3A814D066E9DE30026B9BA /* log_off.tiff in Resources */ = {isa = PBXBuildFile; fileRef = 0D3A814C066E9DE30026B9BA /* log_off.tiff */; };
		0D3DEE6D0839FEB300DCBB0A /* ConsoleModal.h in Headers */ = {isa = PBXBuildFile; fileRef = 0D3DEE6B0839FEB300DCBB0A /* ConsoleModal.h */; };
		0D3DEE6E0839FEB300DCBB0A /* ConsoleModal.m in Sources */ = {isa = PBXBuildFile; fileRef = 0D3DEE6C0839FEB300DCBB0A /* ConsoleModal.m */; };
		0D51268B0DB3480600FFC84A /* ChannelView.nib in Resources */ = {isa = PBXBuildFile; fileRef = 0D5126810DB3480500FFC84A /* ChannelView.nib */; };
		0D51268C0DB3480600FFC84A /* JoinInputsSheet.nib in Resources */ = {isa = PBXBuildFile; fileRef = 0D5126820DB3480600FFC84A /* JoinInputsSheet.nib */; };
		0D51268D0DB3480600FFC84A /* MainMenu.nib in Resources */ = {isa = PBXBuildFile; fileRef = 0D5126830DB3480600FFC84A /* MainMenu.nib */; };
		0D51268E0DB3480600FFC84A /* MainWindow.nib in Resources */ = {isa = PBXBuildFile; fileRef = 0D5126840DB3480600FFC84A /* MainWindow.nib */; };
		0D51268F0DB3480600FFC84A /* MenuSheet.nib in Resources */ = {isa = PBXBuildFile; fileRef = 0D5126850DB3480600FFC84A /* MenuSheet.nib */; };
		0D5126900DB3480600FFC84A /* OneInputSheet.nib in Resources */ = {isa = PBXBuildFile; fileRef = 0D5126860DB3480600FFC84A /* OneInputSheet.nib */; };
		0D5126910DB3480600FFC84A /* Preferences.nib in Resources */ = {isa = PBXBuildFile; fileRef = 0D5126870DB3480600FFC84A /* Preferences.nib */; };
		0D5126920DB3480600FFC84A /* ServerSetup.nib in Resources */ = {isa = PBXBuildFile; fileRef = 0D5126880DB3480600FFC84A /* ServerSetup.nib */; };
		0D5126930DB3480600FFC84A /* TearOffWindow.nib in Resources */ = {isa = PBXBuildFile; fileRef = 0D5126890DB3480600FFC84A /* TearOffWindow.nib */; };
		0D5126940DB3480600FFC84A /* TwoInputsSheet.nib in Resources */ = {isa = PBXBuildFile; fileRef = 0D51268A0DB3480600FFC84A /* TwoInputsSheet.nib */; };
		0D5126980DB3482200FFC84A /* InfoPlist.strings in Resources */ = {isa = PBXBuildFile; fileRef = 0D5126950DB3482200FFC84A /* InfoPlist.strings */; };
		0D5126990DB3482200FFC84A /* Localizable.strings in Resources */ = {isa = PBXBuildFile; fileRef = 0D5126960DB3482200FFC84A /* Localizable.strings */; };
		0D51269A0DB3482200FFC84A /* MainToolbar.strings in Resources */ = {isa = PBXBuildFile; fileRef = 0D5126970DB3482200FFC84A /* MainToolbar.strings */; };
		0D51269E0DB3482F00FFC84A /* ContextMenu.xml in Resources */ = {isa = PBXBuildFile; fileRef = 0D51269C0DB3482F00FFC84A /* ContextMenu.xml */; };
		0D51269F0DB3482F00FFC84A /* format.xml in Resources */ = {isa = PBXBuildFile; fileRef = 0D51269D0DB3482F00FFC84A /* format.xml */; };
		0D5126A10DB3484300FFC84A /* IRcat_Prefix.pch in Headers */ = {isa = PBXBuildFile; fileRef = 0D5126A00DB3484300FFC84A /* IRcat_Prefix.pch */; };
		0D5126A30DB3484A00FFC84A /* main.m in Sources */ = {isa = PBXBuildFile; fileRef = 0D5126A20DB3484A00FFC84A /* main.m */; };
		0D5E85D705BF4858006FEA3D /* voice.tif in Resources */ = {isa = PBXBuildFile; fileRef = 0D5E85D605BF4858006FEA3D /* voice.tif */; };
		0D60199105CB26F70095318F /* channel_red.tiff in Resources */ = {isa = PBXBuildFile; fileRef = 0D60199005CB26F70095318F /* channel_red.tiff */; };
		0D6019AD05CBBD4D0095318F /* channel_blue.tiff in Resources */ = {isa = PBXBuildFile; fileRef = 0D6019AC05CBBD4D0095318F /* channel_blue.tiff */; };
		0D6019B105CBBD5E0095318F /* channel_green.tiff in Resources */ = {isa = PBXBuildFile; fileRef = 0D6019AE05CBBD5E0095318F /* channel_green.tiff */; };
		0D6019B205CBBD5E0095318F /* channel_orange.tiff in Resources */ = {isa = PBXBuildFile; fileRef = 0D6019AF05CBBD5E0095318F /* channel_orange.tiff */; };
		0D6019B505CBBDE40095318F /* channel_purple.tiff in Resources */ = {isa = PBXBuildFile; fileRef = 0D6019B405CBBDE40095318F /* channel_purple.tiff */; };
		0D67D78808AB01E800C75F4E /* toolbar_font.tiff in Resources */ = {isa = PBXBuildFile; fileRef = 0D67D78608AB01E800C75F4E /* toolbar_font.tiff */; };
		0D67D78908AB01E800C75F4E /* toolbar_userinfo.tiff in Resources */ = {isa = PBXBuildFile; fileRef = 0D67D78708AB01E800C75F4E /* toolbar_userinfo.tiff */; };
		0D6C059106CCC52F00AAFD43 /* TextFieldHistories.h in Headers */ = {isa = PBXBuildFile; fileRef = 0D6C058F06CCC52F00AAFD43 /* TextFieldHistories.h */; };
		0D6C059206CCC52F00AAFD43 /* TextFieldHistories.m in Sources */ = {isa = PBXBuildFile; fileRef = 0D6C059006CCC52F00AAFD43 /* TextFieldHistories.m */; };
		0D6E748E0B662829000A1FB8 /* IsEmptyStringTransformer.h in Headers */ = {isa = PBXBuildFile; fileRef = 0D6E748C0B662829000A1FB8 /* IsEmptyStringTransformer.h */; };
		0D6E748F0B662829000A1FB8 /* IsEmptyStringTransformer.m in Sources */ = {isa = PBXBuildFile; fileRef = 0D6E748D0B662829000A1FB8 /* IsEmptyStringTransformer.m */; };
		0D7A955608B4D13D00E3BEBE /* toolbar_friends.tiff in Resources */ = {isa = PBXBuildFile; fileRef = 0D7A955508B4D13D00E3BEBE /* toolbar_friends.tiff */; };
		0D7A955C08B58E5800E3BEBE /* toolbar_etc.tiff in Resources */ = {isa = PBXBuildFile; fileRef = 0D7A955B08B58E5800E3BEBE /* toolbar_etc.tiff */; };
		0D7C9B8D07D58AF900571A22 /* ChannelWindowController.h in Headers */ = {isa = PBXBuildFile; fileRef = 0D7C9B8B07D58AF900571A22 /* ChannelWindowController.h */; };
		0D7C9B8E07D58AF900571A22 /* ChannelWindowController.m in Sources */ = {isa = PBXBuildFile; fileRef = 0D7C9B8C07D58AF900571A22 /* ChannelWindowController.m */; };
		0D8674C007F69863006A24BF /* ApplicationServices.framework in Frameworks */ = {isa = PBXBuildFile; fileRef = 0D8674BF07F69863006A24BF /* ApplicationServices.framework */; };
		0D8BA67F07B1D8AA00D2258B /* lock.tiff in Resources */ = {isa = PBXBuildFile; fileRef = 0D8BA67E07B1D8AA00D2258B /* lock.tiff */; };
		0D8BA69B07B1DF0F00D2258B /* tear_off.tiff in Resources */ = {isa = PBXBuildFile; fileRef = 0D8BA69907B1DF0F00D2258B /* tear_off.tiff */; };
		0D8BA69C07B1DF0F00D2258B /* tear_on.tiff in Resources */ = {isa = PBXBuildFile; fileRef = 0D8BA69A07B1DF0F00D2258B /* tear_on.tiff */; };
		0D8BA87D07B3AA3300D2258B /* channel_none.tiff in Resources */ = {isa = PBXBuildFile; fileRef = 0D8BA87C07B3AA3200D2258B /* channel_none.tiff */; };
		0D975A590551E5B60010C7B2 /* FormatTable.h in Headers */ = {isa = PBXBuildFile; fileRef = 0D1B0ACB0551E1EF00626EFE /* FormatTable.h */; };
		0D975A5A0551E5BF0010C7B2 /* IRcatConstants.h in Headers */ = {isa = PBXBuildFile; fileRef = 0D1B0ACD0551E1EF00626EFE /* IRcatConstants.h */; };
		0D975A5B0551E5BF0010C7B2 /* IRcatInterface.h in Headers */ = {isa = PBXBuildFile; fileRef = 0D1B0ACE0551E1EF00626EFE /* IRcatInterface.h */; };
		0D975A5C0551E5C60010C7B2 /* IRcatUtilities.h in Headers */ = {isa = PBXBuildFile; fileRef = 0D1B0AD00551E1EF00626EFE /* IRcatUtilities.h */; };
		0D975A5D0551E5C90010C7B2 /* IRCMessage.h in Headers */ = {isa = PBXBuildFile; fileRef = 0D1B0AD20551E1EF00626EFE /* IRCMessage.h */; };
		0D975A5E0551E5D00010C7B2 /* IRCSession.h in Headers */ = {isa = PBXBuildFile; fileRef = 0D1B0AD60551E1EF00626EFE /* IRCSession.h */; };
		0D975A5F0551E5D20010C7B2 /* MainWindowController.h in Headers */ = {isa = PBXBuildFile; fileRef = 0D1B0AD80551E1EF00626EFE /* MainWindowController.h */; };
		0D975A600551E5D40010C7B2 /* NickListItem.h in Headers */ = {isa = PBXBuildFile; fileRef = 0D1B0ADA0551E1EF00626EFE /* NickListItem.h */; };
		0D975A610551E5D90010C7B2 /* PreferenceWindowController.h in Headers */ = {isa = PBXBuildFile; fileRef = 0D1B0ADC0551E1EF00626EFE /* PreferenceWindowController.h */; };
		0D975A620551E5DC0010C7B2 /* PreferenceHeader.h in Headers */ = {isa = PBXBuildFile; fileRef = 0D1B0ADE0551E1EF00626EFE /* PreferenceHeader.h */; };
		0D975A630551E5DC0010C7B2 /* PreferenceModal.h in Headers */ = {isa = PBXBuildFile; fileRef = 0D1B0ADF0551E1EF00626EFE /* PreferenceModal.h */; };
		0D975A640551E5DE0010C7B2 /* ScrollView.h in Headers */ = {isa = PBXBuildFile; fileRef = 0D1B0AE10551E1EF00626EFE /* ScrollView.h */; };
		0D975A660551E5E30010C7B2 /* ServersModal.h in Headers */ = {isa = PBXBuildFile; fileRef = 0D1B0AE50551E1EF00626EFE /* ServersModal.h */; };
		0D975A670551E5E60010C7B2 /* TCPConnection.h in Headers */ = {isa = PBXBuildFile; fileRef = 0D1B0AE70551E1EF00626EFE /* TCPConnection.h */; };
		0D98ECF00DAEE13E0089DD12 /* BufferedFieldEditor.h in Headers */ = {isa = PBXBuildFile; fileRef = 0D98ECEE0DAEE13E0089DD12 /* BufferedFieldEditor.h */; };
		0D98ECF10DAEE13E0089DD12 /* BufferedFieldEditor.m in Sources */ = {isa = PBXBuildFile; fileRef = 0D98ECEF0DAEE13E0089DD12 /* BufferedFieldEditor.m */; };
		0D9949D4069E13B4004385E9 /* friend_cat.tiff in Resources */ = {isa = PBXBuildFile; fileRef = 0D9949D3069E13B4004385E9 /* friend_cat.tiff */; };
		0D9C91E90DBC0EB100627DD6 /* SelectedValueToIndexTransformer.h in Headers */ = {isa = PBXBuildFile; fileRef = 0D9C91E70DBC0EB100627DD6 /* SelectedValueToIndexTransformer.h */; };
		0D9C91EA0DBC0EB100627DD6 /* SelectedValueToIndexTransformer.m in Sources */ = {isa = PBXBuildFile; fileRef = 0D9C91E80DBC0EB100627DD6 /* SelectedValueToIndexTransformer.m */; };
		0D9FC4FEC5B0652200CB563B /* ServersWindowController.m in Sources */ = {isa = PBXBuildFile; fileRef = 0D9FC314C5B0652200CB563B /* ServersWindowController.m */; };
		0D9FC571C5B0652200CB563B /* ColorNameToColorTransformer.h in Headers */ = {isa = PBXBuildFile; fileRef = 0D9FC56FC5B0652200CB563B /* ColorNameToColorTransformer.h */; };
		0D9FC572C5B0652200CB563B /* ColorNameToColorTransformer.m in Sources */ = {isa = PBXBuildFile; fileRef = 0D9FC570C5B0652200CB563B /* ColorNameToColorTransformer.m */; };
		0DC1320A067EFE0100D40FE1 /* priv_blue.tiff in Resources */ = {isa = PBXBuildFile; fileRef = 0DC13205067EFE0100D40FE1 /* priv_blue.tiff */; };
		0DC1320B067EFE0100D40FE1 /* priv_green.tiff in Resources */ = {isa = PBXBuildFile; fileRef = 0DC13206067EFE0100D40FE1 /* priv_green.tiff */; };
		0DC1320C067EFE0100D40FE1 /* priv_orange.tiff in Resources */ = {isa = PBXBuildFile; fileRef = 0DC13207067EFE0100D40FE1 /* priv_orange.tiff */; };
		0DC1320D067EFE0100D40FE1 /* priv_purple.tiff in Resources */ = {isa = PBXBuildFile; fileRef = 0DC13208067EFE0100D40FE1 /* priv_purple.tiff */; };
		0DC1320E067EFE0100D40FE1 /* priv_red.tiff in Resources */ = {isa = PBXBuildFile; fileRef = 0DC13209067EFE0100D40FE1 /* priv_red.tiff */; };
		0DC47C3007C34FC20075E7DF /* condition_connecting.tiff in Resources */ = {isa = PBXBuildFile; fileRef = 0DC47C2F07C34FC10075E7DF /* condition_connecting.tiff */; };
		0DC47C7B07C36B3A0075E7DF /* condition_connected.tiff in Resources */ = {isa = PBXBuildFile; fileRef = 0DC47C7A07C36B3A0075E7DF /* condition_connected.tiff */; };
		0DC47CCC07C4371D0075E7DF /* condition_disconnected.tiff in Resources */ = {isa = PBXBuildFile; fileRef = 0DC47CCA07C4371D0075E7DF /* condition_disconnected.tiff */; };
		0DC47CCD07C4371D0075E7DF /* condition_registering.tiff in Resources */ = {isa = PBXBuildFile; fileRef = 0DC47CCB07C4371D0075E7DF /* condition_registering.tiff */; };
		0DC4845C07C8C4690075E7DF /* TextEncodings.h in Headers */ = {isa = PBXBuildFile; fileRef = 0DC4845A07C8C4690075E7DF /* TextEncodings.h */; };
		0DC4845D07C8C4690075E7DF /* TextEncodings.m in Sources */ = {isa = PBXBuildFile; fileRef = 0DC4845B07C8C4690075E7DF /* TextEncodings.m */; };
		0DC54002063C88160018F9BE /* NickListView.h in Headers */ = {isa = PBXBuildFile; fileRef = 0DC54000063C88160018F9BE /* NickListView.h */; };
		0DC54003063C88160018F9BE /* NickListView.m in Sources */ = {isa = PBXBuildFile; fileRef = 0DC54001063C88160018F9BE /* NickListView.m */; };
		0DC5405B063E0D140018F9BE /* ContextMenuManager.h in Headers */ = {isa = PBXBuildFile; fileRef = 0DC54059063E0D140018F9BE /* ContextMenuManager.h */; };
		0DC5405C063E0D140018F9BE /* ContextMenuManager.m in Sources */ = {isa = PBXBuildFile; fileRef = 0DC5405A063E0D140018F9BE /* ContextMenuManager.m */; };
		0DD84AB10811EE5200546BE9 /* Carbon.framework in Frameworks */ = {isa = PBXBuildFile; fileRef = 0DD84AB00811EE5200546BE9 /* Carbon.framework */; };
		0DE909F505CF240600AE1A1D /* server_blue.tiff in Resources */ = {isa = PBXBuildFile; fileRef = 0DE909F005CF240600AE1A1D /* server_blue.tiff */; };
		0DE909F605CF240600AE1A1D /* server_green.tiff in Resources */ = {isa = PBXBuildFile; fileRef = 0DE909F105CF240600AE1A1D /* server_green.tiff */; };
		0DE909F705CF240600AE1A1D /* server_orange.tiff in Resources */ = {isa = PBXBuildFile; fileRef = 0DE909F205CF240600AE1A1D /* server_orange.tiff */; };
		0DE909F805CF240600AE1A1D /* server_purple.tiff in Resources */ = {isa = PBXBuildFile; fileRef = 0DE909F305CF240600AE1A1D /* server_purple.tiff */; };
		0DE909F905CF240600AE1A1D /* server_red.tiff in Resources */ = {isa = PBXBuildFile; fileRef = 0DE909F405CF240600AE1A1D /* server_red.tiff */; };
		0DEF43870B5C80DE00649C2D /* BindingItem.h in Headers */ = {isa = PBXBuildFile; fileRef = 0DEF43850B5C80DE00649C2D /* BindingItem.h */; };
		0DEF43880B5C80DE00649C2D /* BindingItem.m in Sources */ = {isa = PBXBuildFile; fileRef = 0DEF43860B5C80DE00649C2D /* BindingItem.m */; };
		0DEF48350B6048A100649C2D /* ChannelViewController.m in Sources */ = {isa = PBXBuildFile; fileRef = 0DEF47290B5F8DCE00649C2D /* ChannelViewController.m */; };
		0DF1C9D008AB7D9500D25E46 /* toolbar_view.tiff in Resources */ = {isa = PBXBuildFile; fileRef = 0DF1C9CF08AB7D9500D25E46 /* toolbar_view.tiff */; };
		0DF1C9D608AC4EAF00D25E46 /* toolbar_notification.tiff in Resources */ = {isa = PBXBuildFile; fileRef = 0DF1C9D508AC4EAF00D25E46 /* toolbar_notification.tiff */; };
		0DF1CA9B08ACEF2D00D25E46 /* toolbar_log.tiff in Resources */ = {isa = PBXBuildFile; fileRef = 0DF1CA9A08ACEF2D00D25E46 /* toolbar_log.tiff */; };
		0DF6E02105F4045E00E08BC5 /* PopSplitView.h in Headers */ = {isa = PBXBuildFile; fileRef = 0DF6E01F05F4045E00E08BC5 /* PopSplitView.h */; };
		0DF6E02205F4045E00E08BC5 /* PopSplitView.m in Sources */ = {isa = PBXBuildFile; fileRef = 0DF6E02005F4045E00E08BC5 /* PopSplitView.m */; };
		0DFEAA960A9DA54E00F4FB38 /* EditCellController.h in Headers */ = {isa = PBXBuildFile; fileRef = 0DFEAA940A9DA54E00F4FB38 /* EditCellController.h */; };
		0DFEAA970A9DA54E00F4FB38 /* EditCellController.m in Sources */ = {isa = PBXBuildFile; fileRef = 0DFEAA950A9DA54E00F4FB38 /* EditCellController.m */; };
		0DFEAB3B0A9DEAC000F4FB38 /* FontNameToFontTransformer.h in Headers */ = {isa = PBXBuildFile; fileRef = 0DFEAB370A9DEAC000F4FB38 /* FontNameToFontTransformer.h */; };
		0DFEAB3C0A9DEAC000F4FB38 /* FontNameToFontTransformer.m in Sources */ = {isa = PBXBuildFile; fileRef = 0DFEAB380A9DEAC000F4FB38 /* FontNameToFontTransformer.m */; };
		0DFEAB3D0A9DEAC000F4FB38 /* FontWell.h in Headers */ = {isa = PBXBuildFile; fileRef = 0DFEAB390A9DEAC000F4FB38 /* FontWell.h */; };
		0DFEAB3E0A9DEAC000F4FB38 /* FontWell.m in Sources */ = {isa = PBXBuildFile; fileRef = 0DFEAB3A0A9DEAC000F4FB38 /* FontWell.m */; };
		0DFEABD50A9E716100F4FB38 /* ServerModal.h in Headers */ = {isa = PBXBuildFile; fileRef = 0DFEABD30A9E716100F4FB38 /* ServerModal.h */; };
		0DFEABD60A9E716100F4FB38 /* ServerModal.m in Sources */ = {isa = PBXBuildFile; fileRef = 0DFEABD40A9E716100F4FB38 /* ServerModal.m */; };
		8D11072F0486CEB800E47090 /* Cocoa.framework in Frameworks */ = {isa = PBXBuildFile; fileRef = 1058C7A1FEA54F0111CA2CBB /* Cocoa.framework */; };
/* End PBXBuildFile section */

/* Begin PBXFileReference section */
		0D1B0AB40551E1DF00626EFE /* ApplicationController.h */ = {isa = PBXFileReference; fileEncoding = 0; lastKnownFileType = sourcecode.c.h; name = ApplicationController.h; path = sources/ApplicationController.h; sourceTree = "<group>"; };
		0D1B0AB50551E1DF00626EFE /* ApplicationController.m */ = {isa = PBXFileReference; fileEncoding = 4; lastKnownFileType = sourcecode.c.objc; name = ApplicationController.m; path = sources/ApplicationController.m; sourceTree = "<group>"; };
		0D1B0AB80551E1DF00626EFE /* ChannelModal.h */ = {isa = PBXFileReference; fileEncoding = 0; lastKnownFileType = sourcecode.c.h; name = ChannelModal.h; path = sources/ChannelModal.h; sourceTree = "<group>"; };
		0D1B0AB90551E1DF00626EFE /* ChannelModal.m */ = {isa = PBXFileReference; fileEncoding = 4; lastKnownFileType = sourcecode.c.objc; name = ChannelModal.m; path = sources/ChannelModal.m; sourceTree = "<group>"; };
		0D1B0ABC0551E1DF00626EFE /* ConsoleTextView.h */ = {isa = PBXFileReference; fileEncoding = 0; lastKnownFileType = sourcecode.c.h; name = ConsoleTextView.h; path = sources/ConsoleTextView.h; sourceTree = "<group>"; };
		0D1B0ABD0551E1E000626EFE /* ConsoleTextView.m */ = {isa = PBXFileReference; fileEncoding = 4; lastKnownFileType = sourcecode.c.objc; name = ConsoleTextView.m; path = sources/ConsoleTextView.m; sourceTree = "<group>"; };
		0D1B0AC90551E1EF00626EFE /* FormatItem.h */ = {isa = PBXFileReference; fileEncoding = 0; lastKnownFileType = sourcecode.c.h; name = FormatItem.h; path = sources/FormatItem.h; sourceTree = "<group>"; };
		0D1B0ACA0551E1EF00626EFE /* FormatItem.m */ = {isa = PBXFileReference; fileEncoding = 0; lastKnownFileType = sourcecode.c.objc; name = FormatItem.m; path = sources/FormatItem.m; sourceTree = "<group>"; };
		0D1B0ACB0551E1EF00626EFE /* FormatTable.h */ = {isa = PBXFileReference; fileEncoding = 0; lastKnownFileType = sourcecode.c.h; name = FormatTable.h; path = sources/FormatTable.h; sourceTree = "<group>"; };
		0D1B0ACC0551E1EF00626EFE /* FormatTable.m */ = {isa = PBXFileReference; fileEncoding = 0; lastKnownFileType = sourcecode.c.objc; name = FormatTable.m; path = sources/FormatTable.m; sourceTree = "<group>"; };
		0D1B0ACD0551E1EF00626EFE /* IRcatConstants.h */ = {isa = PBXFileReference; fileEncoding = 0; lastKnownFileType = sourcecode.c.h; name = IRcatConstants.h; path = sources/IRcatConstants.h; sourceTree = "<group>"; };
		0D1B0ACE0551E1EF00626EFE /* IRcatInterface.h */ = {isa = PBXFileReference; fileEncoding = 0; lastKnownFileType = sourcecode.c.h; name = IRcatInterface.h; path = sources/IRcatInterface.h; sourceTree = "<group>"; };
		0D1B0ACF0551E1EF00626EFE /* IRcatInterface.m */ = {isa = PBXFileReference; fileEncoding = 4; lastKnownFileType = sourcecode.c.objc; name = IRcatInterface.m; path = sources/IRcatInterface.m; sourceTree = "<group>"; };
		0D1B0AD00551E1EF00626EFE /* IRcatUtilities.h */ = {isa = PBXFileReference; fileEncoding = 0; lastKnownFileType = sourcecode.c.h; name = IRcatUtilities.h; path = sources/IRcatUtilities.h; sourceTree = "<group>"; };
		0D1B0AD10551E1EF00626EFE /* IRcatUtilities.m */ = {isa = PBXFileReference; fileEncoding = 0; lastKnownFileType = sourcecode.c.objc; name = IRcatUtilities.m; path = sources/IRcatUtilities.m; sourceTree = "<group>"; };
		0D1B0AD20551E1EF00626EFE /* IRCMessage.h */ = {isa = PBXFileReference; fileEncoding = 0; lastKnownFileType = sourcecode.c.h; name = IRCMessage.h; path = sources/IRCMessage.h; sourceTree = "<group>"; };
		0D1B0AD30551E1EF00626EFE /* IRCMessage.m */ = {isa = PBXFileReference; fileEncoding = 4; lastKnownFileType = sourcecode.c.objc; name = IRCMessage.m; path = sources/IRCMessage.m; sourceTree = "<group>"; };
		0D1B0AD40551E1EF00626EFE /* IRCSession_Handle.m */ = {isa = PBXFileReference; fileEncoding = 4; lastKnownFileType = sourcecode.c.objc; name = IRCSession_Handle.m; path = sources/IRCSession_Handle.m; sourceTree = "<group>"; };
		0D1B0AD50551E1EF00626EFE /* IRCSession_Send.m */ = {isa = PBXFileReference; fileEncoding = 0; lastKnownFileType = sourcecode.c.objc; name = IRCSession_Send.m; path = sources/IRCSession_Send.m; sourceTree = "<group>"; };
		0D1B0AD60551E1EF00626EFE /* IRCSession.h */ = {isa = PBXFileReference; fileEncoding = 0; lastKnownFileType = sourcecode.c.h; name = IRCSession.h; path = sources/IRCSession.h; sourceTree = "<group>"; };
		0D1B0AD70551E1EF00626EFE /* IRCSession.m */ = {isa = PBXFileReference; fileEncoding = 4; lastKnownFileType = sourcecode.c.objc; name = IRCSession.m; path = sources/IRCSession.m; sourceTree = "<group>"; };
		0D1B0AD80551E1EF00626EFE /* MainWindowController.h */ = {isa = PBXFileReference; fileEncoding = 0; lastKnownFileType = sourcecode.c.h; name = MainWindowController.h; path = sources/MainWindowController.h; sourceTree = "<group>"; };
		0D1B0AD90551E1EF00626EFE /* MainWindowController.m */ = {isa = PBXFileReference; explicitFileType = sourcecode.c.objc; fileEncoding = 4; name = MainWindowController.m; path = sources/MainWindowController.m; sourceTree = "<group>"; };
		0D1B0ADA0551E1EF00626EFE /* NickListItem.h */ = {isa = PBXFileReference; fileEncoding = 0; lastKnownFileType = sourcecode.c.h; name = NickListItem.h; path = sources/NickListItem.h; sourceTree = "<group>"; };
		0D1B0ADB0551E1EF00626EFE /* NickListItem.m */ = {isa = PBXFileReference; fileEncoding = 4; lastKnownFileType = sourcecode.c.objc; name = NickListItem.m; path = sources/NickListItem.m; sourceTree = "<group>"; };
		0D1B0ADC0551E1EF00626EFE /* PreferenceWindowController.h */ = {isa = PBXFileReference; fileEncoding = 0; lastKnownFileType = sourcecode.c.h; name = PreferenceWindowController.h; path = sources/PreferenceWindowController.h; sourceTree = "<group>"; };
		0D1B0ADD0551E1EF00626EFE /* PreferenceWindowController.m */ = {isa = PBXFileReference; fileEncoding = 4; lastKnownFileType = sourcecode.c.objc; name = PreferenceWindowController.m; path = sources/PreferenceWindowController.m; sourceTree = "<group>"; };
		0D1B0ADE0551E1EF00626EFE /* PreferenceHeader.h */ = {isa = PBXFileReference; fileEncoding = 0; lastKnownFileType = sourcecode.c.h; name = PreferenceHeader.h; path = sources/PreferenceHeader.h; sourceTree = "<group>"; };
		0D1B0ADF0551E1EF00626EFE /* PreferenceModal.h */ = {isa = PBXFileReference; fileEncoding = 0; lastKnownFileType = sourcecode.c.h; name = PreferenceModal.h; path = sources/PreferenceModal.h; sourceTree = "<group>"; };
		0D1B0AE00551E1EF00626EFE /* PreferenceModal.m */ = {isa = PBXFileReference; fileEncoding = 4; lastKnownFileType = sourcecode.c.objc; name = PreferenceModal.m; path = sources/PreferenceModal.m; sourceTree = "<group>"; };
		0D1B0AE10551E1EF00626EFE /* ScrollView.h */ = {isa = PBXFileReference; fileEncoding = 0; lastKnownFileType = sourcecode.c.h; name = ScrollView.h; path = sources/ScrollView.h; sourceTree = "<group>"; };
		0D1B0AE20551E1EF00626EFE /* ScrollView.m */ = {isa = PBXFileReference; fileEncoding = 4; lastKnownFileType = sourcecode.c.objc; name = ScrollView.m; path = sources/ScrollView.m; sourceTree = "<group>"; };
		0D1B0AE50551E1EF00626EFE /* ServersModal.h */ = {isa = PBXFileReference; fileEncoding = 0; lastKnownFileType = sourcecode.c.h; name = ServersModal.h; path = sources/ServersModal.h; sourceTree = "<group>"; };
		0D1B0AE60551E1EF00626EFE /* ServersModal.m */ = {isa = PBXFileReference; fileEncoding = 4; lastKnownFileType = sourcecode.c.objc; name = ServersModal.m; path = sources/ServersModal.m; sourceTree = "<group>"; };
		0D1B0AE70551E1EF00626EFE /* TCPConnection.h */ = {isa = PBXFileReference; fileEncoding = 0; lastKnownFileType = sourcecode.c.h; name = TCPConnection.h; path = sources/TCPConnection.h; sourceTree = "<group>"; };
		0D1B0AE80551E1EF00626EFE /* TCPConnection.m */ = {isa = PBXFileReference; fileEncoding = 4; lastKnownFileType = sourcecode.c.objc; name = TCPConnection.m; path = sources/TCPConnection.m; sourceTree = "<group>"; };
		0D1B0B0B0551E22000626EFE /* add.tiff */ = {isa = PBXFileReference; lastKnownFileType = image.tiff; name = add.tiff; path = resources/add.tiff; sourceTree = "<group>"; };
		0D1B0B0D0551E22000626EFE /* channel_console.tiff */ = {isa = PBXFileReference; lastKnownFileType = image.tiff; name = channel_console.tiff; path = resources/channel_console.tiff; sourceTree = "<group>"; };
		0D1B0B140551E24600626EFE /* delete.tiff */ = {isa = PBXFileReference; lastKnownFileType = image.tiff; name = delete.tiff; path = resources/delete.tiff; sourceTree = "<group>"; };
		0D1B0B1C0551E26000626EFE /* ircat.icns */ = {isa = PBXFileReference; lastKnownFileType = image.icns; name = ircat.icns; path = resources/ircat.icns; sourceTree = "<group>"; };
		0D1B0B1E0551E26000626EFE /* op.tiff */ = {isa = PBXFileReference; lastKnownFileType = image.tiff; name = op.tiff; path = resources/op.tiff; sourceTree = "<group>"; };
		0D1B78790A9A7FF900018976 /* ServersController.h */ = {isa = PBXFileReference; fileEncoding = 4; lastKnownFileType = sourcecode.c.h; name = ServersController.h; path = sources/ServersController.h; sourceTree = "<group>"; };
		0D1B787A0A9A7FF900018976 /* ServersController.m */ = {isa = PBXFileReference; fileEncoding = 4; lastKnownFileType = sourcecode.c.objc; name = ServersController.m; path = sources/ServersController.m; sourceTree = "<group>"; };
		0D1B78B30A9AC1CB00018976 /* ImageNameToImageTransformer.h */ = {isa = PBXFileReference; fileEncoding = 4; lastKnownFileType = sourcecode.c.h; name = ImageNameToImageTransformer.h; path = sources/ImageNameToImageTransformer.h; sourceTree = "<group>"; };
		0D1B78B40A9AC1CB00018976 /* ImageNameToImageTransformer.m */ = {isa = PBXFileReference; fileEncoding = 4; lastKnownFileType = sourcecode.c.objc; name = ImageNameToImageTransformer.m; path = sources/ImageNameToImageTransformer.m; sourceTree = "<group>"; };
		0D226AD50667124300952799 /* InputSheet.h */ = {isa = PBXFileReference; fileEncoding = 4; lastKnownFileType = sourcecode.c.h; name = InputSheet.h; path = sources/InputSheet.h; sourceTree = "<group>"; };
		0D226AD60667124300952799 /* InputSheet.m */ = {isa = PBXFileReference; fileEncoding = 4; lastKnownFileType = sourcecode.c.objc; name = InputSheet.m; path = sources/InputSheet.m; sourceTree = "<group>"; };
		0D2932380B670D1E005BB4CE /* icon_warning.tiff */ = {isa = PBXFileReference; lastKnownFileType = image.tiff; name = icon_warning.tiff; path = resources/icon_warning.tiff; sourceTree = "<group>"; };
		0D3A812D066E8D0D0026B9BA /* log_on.tiff */ = {isa = PBXFileReference; lastKnownFileType = image.tiff; name = log_on.tiff; path = resources/log_on.tiff; sourceTree = "<group>"; };
		0D3A814C066E9DE30026B9BA /* log_off.tiff */ = {isa = PBXFileReference; lastKnownFileType = image.tiff; name = log_off.tiff; path = resources/log_off.tiff; sourceTree = "<group>"; };
		0D3DEE6B0839FEB300DCBB0A /* ConsoleModal.h */ = {isa = PBXFileReference; fileEncoding = 4; lastKnownFileType = sourcecode.c.h; name = ConsoleModal.h; path = sources/ConsoleModal.h; sourceTree = "<group>"; };
		0D3DEE6C0839FEB300DCBB0A /* ConsoleModal.m */ = {isa = PBXFileReference; fileEncoding = 4; lastKnownFileType = sourcecode.c.objc; name = ConsoleModal.m; path = sources/ConsoleModal.m; sourceTree = "<group>"; };
		0D5126810DB3480500FFC84A /* ChannelView.nib */ = {isa = PBXFileReference; lastKnownFileType = wrapper.nib; name = ChannelView.nib; path = nib/ChannelView.nib; sourceTree = "<group>"; };
		0D5126820DB3480600FFC84A /* JoinInputsSheet.nib */ = {isa = PBXFileReference; lastKnownFileType = wrapper.nib; name = JoinInputsSheet.nib; path = nib/JoinInputsSheet.nib; sourceTree = "<group>"; };
		0D5126830DB3480600FFC84A /* MainMenu.nib */ = {isa = PBXFileReference; lastKnownFileType = wrapper.nib; name = MainMenu.nib; path = nib/MainMenu.nib; sourceTree = "<group>"; };
		0D5126840DB3480600FFC84A /* MainWindow.nib */ = {isa = PBXFileReference; lastKnownFileType = wrapper.nib; name = MainWindow.nib; path = nib/MainWindow.nib; sourceTree = "<group>"; };
		0D5126850DB3480600FFC84A /* MenuSheet.nib */ = {isa = PBXFileReference; lastKnownFileType = wrapper.nib; name = MenuSheet.nib; path = nib/MenuSheet.nib; sourceTree = "<group>"; };
		0D5126860DB3480600FFC84A /* OneInputSheet.nib */ = {isa = PBXFileReference; lastKnownFileType = wrapper.nib; name = OneInputSheet.nib; path = nib/OneInputSheet.nib; sourceTree = "<group>"; };
		0D5126870DB3480600FFC84A /* Preferences.nib */ = {isa = PBXFileReference; lastKnownFileType = wrapper.nib; name = Preferences.nib; path = nib/Preferences.nib; sourceTree = "<group>"; };
		0D5126880DB3480600FFC84A /* ServerSetup.nib */ = {isa = PBXFileReference; lastKnownFileType = wrapper.nib; name = ServerSetup.nib; path = nib/ServerSetup.nib; sourceTree = "<group>"; };
		0D5126890DB3480600FFC84A /* TearOffWindow.nib */ = {isa = PBXFileReference; lastKnownFileType = wrapper.nib; name = TearOffWindow.nib; path = nib/TearOffWindow.nib; sourceTree = "<group>"; };
		0D51268A0DB3480600FFC84A /* TwoInputsSheet.nib */ = {isa = PBXFileReference; lastKnownFileType = wrapper.nib; name = TwoInputsSheet.nib; path = nib/TwoInputsSheet.nib; sourceTree = "<group>"; };
		0D5126950DB3482200FFC84A /* InfoPlist.strings */ = {isa = PBXFileReference; fileEncoding = 4; lastKnownFileType = text.plist.strings; name = InfoPlist.strings; path = text/InfoPlist.strings; sourceTree = "<group>"; };
		0D5126960DB3482200FFC84A /* Localizable.strings */ = {isa = PBXFileReference; fileEncoding = 4; lastKnownFileType = text.plist.strings; name = Localizable.strings; path = text/Localizable.strings; sourceTree = "<group>"; };
		0D5126970DB3482200FFC84A /* MainToolbar.strings */ = {isa = PBXFileReference; fileEncoding = 4; lastKnownFileType = text.plist.strings; name = MainToolbar.strings; path = text/MainToolbar.strings; sourceTree = "<group>"; };
		0D51269C0DB3482F00FFC84A /* ContextMenu.xml */ = {isa = PBXFileReference; fileEncoding = 4; lastKnownFileType = text.xml; name = ContextMenu.xml; path = text/ContextMenu.xml; sourceTree = "<group>"; };
		0D51269D0DB3482F00FFC84A /* format.xml */ = {isa = PBXFileReference; fileEncoding = 4; lastKnownFileType = text.xml; name = format.xml; path = text/format.xml; sourceTree = "<group>"; };
		0D5126A00DB3484300FFC84A /* IRcat_Prefix.pch */ = {isa = PBXFileReference; fileEncoding = 4; lastKnownFileType = sourcecode.c.h; name = IRcat_Prefix.pch; path = sources/IRcat_Prefix.pch; sourceTree = "<group>"; };
		0D5126A20DB3484A00FFC84A /* main.m */ = {isa = PBXFileReference; fileEncoding = 4; lastKnownFileType = sourcecode.c.objc; name = main.m; path = sources/main.m; sourceTree = "<group>"; };
		0D5E85D605BF4858006FEA3D /* voice.tif */ = {isa = PBXFileReference; lastKnownFileType = image.tiff; name = voice.tif; path = resources/voice.tif; sourceTree = "<group>"; };
		0D60199005CB26F70095318F /* channel_red.tiff */ = {isa = PBXFileReference; lastKnownFileType = image.tiff; name = channel_red.tiff; path = resources/channel_red.tiff; sourceTree = "<group>"; };
		0D6019AC05CBBD4D0095318F /* channel_blue.tiff */ = {isa = PBXFileReference; lastKnownFileType = image.tiff; name = channel_blue.tiff; path = resources/channel_blue.tiff; sourceTree = "<group>"; };
		0D6019AE05CBBD5E0095318F /* channel_green.tiff */ = {isa = PBXFileReference; lastKnownFileType = image.tiff; name = channel_green.tiff; path = resources/channel_green.tiff; sourceTree = "<group>"; };
		0D6019AF05CBBD5E0095318F /* channel_orange.tiff */ = {isa = PBXFileReference; lastKnownFileType = image.tiff; name = channel_orange.tiff; path = resources/channel_orange.tiff; sourceTree = "<group>"; };
		0D6019B405CBBDE40095318F /* channel_purple.tiff */ = {isa = PBXFileReference; lastKnownFileType = image.tiff; name = channel_purple.tiff; path = resources/channel_purple.tiff; sourceTree = "<group>"; };
		0D67D78608AB01E800C75F4E /* toolbar_font.tiff */ = {isa = PBXFileReference; lastKnownFileType = image.tiff; name = toolbar_font.tiff; path = resources/toolbar_font.tiff; sourceTree = "<group>"; };
		0D67D78708AB01E800C75F4E /* toolbar_userinfo.tiff */ = {isa = PBXFileReference; lastKnownFileType = image.tiff; name = toolbar_userinfo.tiff; path = resources/toolbar_userinfo.tiff; sourceTree = "<group>"; };
		0D6C058F06CCC52F00AAFD43 /* TextFieldHistories.h */ = {isa = PBXFileReference; fileEncoding = 4; lastKnownFileType = sourcecode.c.h; name = TextFieldHistories.h; path = sources/TextFieldHistories.h; sourceTree = "<group>"; };
		0D6C059006CCC52F00AAFD43 /* TextFieldHistories.m */ = {isa = PBXFileReference; fileEncoding = 4; lastKnownFileType = sourcecode.c.objc; name = TextFieldHistories.m; path = sources/TextFieldHistories.m; sourceTree = "<group>"; };
		0D6E748C0B662829000A1FB8 /* IsEmptyStringTransformer.h */ = {isa = PBXFileReference; fileEncoding = 4; lastKnownFileType = sourcecode.c.h; name = IsEmptyStringTransformer.h; path = sources/IsEmptyStringTransformer.h; sourceTree = "<group>"; };
		0D6E748D0B662829000A1FB8 /* IsEmptyStringTransformer.m */ = {isa = PBXFileReference; fileEncoding = 4; lastKnownFileType = sourcecode.c.objc; name = IsEmptyStringTransformer.m; path = sources/IsEmptyStringTransformer.m; sourceTree = "<group>"; };
		0D7A955508B4D13D00E3BEBE /* toolbar_friends.tiff */ = {isa = PBXFileReference; lastKnownFileType = image.tiff; name = toolbar_friends.tiff; path = resources/toolbar_friends.tiff; sourceTree = "<group>"; };
		0D7A955B08B58E5800E3BEBE /* toolbar_etc.tiff */ = {isa = PBXFileReference; lastKnownFileType = image.tiff; name = toolbar_etc.tiff; path = resources/toolbar_etc.tiff; sourceTree = "<group>"; };
		0D7C9B8B07D58AF900571A22 /* ChannelWindowController.h */ = {isa = PBXFileReference; fileEncoding = 4; lastKnownFileType = sourcecode.c.h; name = ChannelWindowController.h; path = sources/ChannelWindowController.h; sourceTree = "<group>"; };
		0D7C9B8C07D58AF900571A22 /* ChannelWindowController.m */ = {isa = PBXFileReference; fileEncoding = 4; lastKnownFileType = sourcecode.c.objc; name = ChannelWindowController.m; path = sources/ChannelWindowController.m; sourceTree = "<group>"; };
		0D86746E07F692D7006A24BF /* AnalysisFilter.h */ = {isa = PBXFileReference; fileEncoding = 4; lastKnownFileType = sourcecode.c.h; name = AnalysisFilter.h; path = sources/AnalysisFilter.h; sourceTree = "<group>"; };
		0D86746F07F692D7006A24BF /* AnalysisFilter.m */ = {isa = PBXFileReference; fileEncoding = 4; lastKnownFileType = sourcecode.c.objc; name = AnalysisFilter.m; path = sources/AnalysisFilter.m; sourceTree = "<group>"; };
		0D8674BF07F69863006A24BF /* ApplicationServices.framework */ = {isa = PBXFileReference; lastKnownFileType = wrapper.framework; name = ApplicationServices.framework; path = /System/Library/Frameworks/ApplicationServices.framework; sourceTree = "<absolute>"; };
		0D8BA67E07B1D8AA00D2258B /* lock.tiff */ = {isa = PBXFileReference; lastKnownFileType = image.tiff; name = lock.tiff; path = resources/lock.tiff; sourceTree = "<group>"; };
		0D8BA69907B1DF0F00D2258B /* tear_off.tiff */ = {isa = PBXFileReference; lastKnownFileType = image.tiff; name = tear_off.tiff; path = resources/tear_off.tiff; sourceTree = "<group>"; };
		0D8BA69A07B1DF0F00D2258B /* tear_on.tiff */ = {isa = PBXFileReference; lastKnownFileType = image.tiff; name = tear_on.tiff; path = resources/tear_on.tiff; sourceTree = "<group>"; };
		0D8BA87C07B3AA3200D2258B /* channel_none.tiff */ = {isa = PBXFileReference; lastKnownFileType = image.tiff; name = channel_none.tiff; path = resources/channel_none.tiff; sourceTree = "<group>"; };
		0D98ECEE0DAEE13E0089DD12 /* BufferedFieldEditor.h */ = {isa = PBXFileReference; fileEncoding = 4; lastKnownFileType = sourcecode.c.h; name = BufferedFieldEditor.h; path = sources/BufferedFieldEditor.h; sourceTree = "<group>"; };
		0D98ECEF0DAEE13E0089DD12 /* BufferedFieldEditor.m */ = {isa = PBXFileReference; fileEncoding = 4; lastKnownFileType = sourcecode.c.objc; name = BufferedFieldEditor.m; path = sources/BufferedFieldEditor.m; sourceTree = "<group>"; };
		0D9949D3069E13B4004385E9 /* friend_cat.tiff */ = {isa = PBXFileReference; lastKnownFileType = image.tiff; name = friend_cat.tiff; path = resources/friend_cat.tiff; sourceTree = "<group>"; };
		0D9C91E70DBC0EB100627DD6 /* SelectedValueToIndexTransformer.h */ = {isa = PBXFileReference; fileEncoding = 4; lastKnownFileType = sourcecode.c.h; name = SelectedValueToIndexTransformer.h; path = sources/SelectedValueToIndexTransformer.h; sourceTree = "<group>"; };
		0D9C91E80DBC0EB100627DD6 /* SelectedValueToIndexTransformer.m */ = {isa = PBXFileReference; fileEncoding = 4; lastKnownFileType = sourcecode.c.objc; name = SelectedValueToIndexTransformer.m; path = sources/SelectedValueToIndexTransformer.m; sourceTree = "<group>"; };
		0D9FC314C5B0652200CB563B /* ServersWindowController.m */ = {isa = PBXFileReference; fileEncoding = 4; lastKnownFileType = sourcecode.c.objc; name = ServersWindowController.m; path = sources/ServersWindowController.m; sourceTree = "<group>"; };
		0D9FC315C5B0652200CB563B /* ServersWindowController.h */ = {isa = PBXFileReference; fileEncoding = 0; lastKnownFileType = sourcecode.c.h; name = ServersWindowController.h; path = sources/ServersWindowController.h; sourceTree = "<group>"; };
		0D9FC56FC5B0652200CB563B /* ColorNameToColorTransformer.h */ = {isa = PBXFileReference; fileEncoding = 4; lastKnownFileType = sourcecode.c.h; name = ColorNameToColorTransformer.h; path = sources/ColorNameToColorTransformer.h; sourceTree = "<group>"; };
		0D9FC570C5B0652200CB563B /* ColorNameToColorTransformer.m */ = {isa = PBXFileReference; fileEncoding = 4; lastKnownFileType = sourcecode.c.objc; name = ColorNameToColorTransformer.m; path = sources/ColorNameToColorTransformer.m; sourceTree = "<group>"; };
		0DC13205067EFE0100D40FE1 /* priv_blue.tiff */ = {isa = PBXFileReference; lastKnownFileType = image.tiff; name = priv_blue.tiff; path = resources/priv_blue.tiff; sourceTree = "<group>"; };
		0DC13206067EFE0100D40FE1 /* priv_green.tiff */ = {isa = PBXFileReference; lastKnownFileType = image.tiff; name = priv_green.tiff; path = resources/priv_green.tiff; sourceTree = "<group>"; };
		0DC13207067EFE0100D40FE1 /* priv_orange.tiff */ = {isa = PBXFileReference; lastKnownFileType = image.tiff; name = priv_orange.tiff; path = resources/priv_orange.tiff; sourceTree = "<group>"; };
		0DC13208067EFE0100D40FE1 /* priv_purple.tiff */ = {isa = PBXFileReference; lastKnownFileType = image.tiff; name = priv_purple.tiff; path = resources/priv_purple.tiff; sourceTree = "<group>"; };
		0DC13209067EFE0100D40FE1 /* priv_red.tiff */ = {isa = PBXFileReference; lastKnownFileType = image.tiff; name = priv_red.tiff; path = resources/priv_red.tiff; sourceTree = "<group>"; };
		0DC47C2F07C34FC10075E7DF /* condition_connecting.tiff */ = {isa = PBXFileReference; lastKnownFileType = image.tiff; name = condition_connecting.tiff; path = resources/condition_connecting.tiff; sourceTree = "<group>"; };
		0DC47C7A07C36B3A0075E7DF /* condition_connected.tiff */ = {isa = PBXFileReference; lastKnownFileType = image.tiff; name = condition_connected.tiff; path = resources/condition_connected.tiff; sourceTree = "<group>"; };
		0DC47CCA07C4371D0075E7DF /* condition_disconnected.tiff */ = {isa = PBXFileReference; lastKnownFileType = image.tiff; name = condition_disconnected.tiff; path = resources/condition_disconnected.tiff; sourceTree = "<group>"; };
		0DC47CCB07C4371D0075E7DF /* condition_registering.tiff */ = {isa = PBXFileReference; lastKnownFileType = image.tiff; name = condition_registering.tiff; path = resources/condition_registering.tiff; sourceTree = "<group>"; };
		0DC4845A07C8C4690075E7DF /* TextEncodings.h */ = {isa = PBXFileReference; fileEncoding = 4; lastKnownFileType = sourcecode.c.h; name = TextEncodings.h; path = sources/TextEncodings.h; sourceTree = "<group>"; };
		0DC4845B07C8C4690075E7DF /* TextEncodings.m */ = {isa = PBXFileReference; fileEncoding = 4; lastKnownFileType = sourcecode.c.objc; name = TextEncodings.m; path = sources/TextEncodings.m; sourceTree = "<group>"; };
		0DC54000063C88160018F9BE /* NickListView.h */ = {isa = PBXFileReference; fileEncoding = 4; lastKnownFileType = sourcecode.c.h; name = NickListView.h; path = sources/NickListView.h; sourceTree = "<group>"; };
		0DC54001063C88160018F9BE /* NickListView.m */ = {isa = PBXFileReference; fileEncoding = 4; lastKnownFileType = sourcecode.c.objc; name = NickListView.m; path = sources/NickListView.m; sourceTree = "<group>"; };
		0DC54059063E0D140018F9BE /* ContextMenuManager.h */ = {isa = PBXFileReference; fileEncoding = 4; lastKnownFileType = sourcecode.c.h; name = ContextMenuManager.h; path = sources/ContextMenuManager.h; sourceTree = "<group>"; };
		0DC5405A063E0D140018F9BE /* ContextMenuManager.m */ = {isa = PBXFileReference; fileEncoding = 4; lastKnownFileType = sourcecode.c.objc; name = ContextMenuManager.m; path = sources/ContextMenuManager.m; sourceTree = "<group>"; };
		0DD84AB00811EE5200546BE9 /* Carbon.framework */ = {isa = PBXFileReference; lastKnownFileType = wrapper.framework; name = Carbon.framework; path = /System/Library/Frameworks/Carbon.framework; sourceTree = "<absolute>"; };
		0DE909F005CF240600AE1A1D /* server_blue.tiff */ = {isa = PBXFileReference; lastKnownFileType = image.tiff; name = server_blue.tiff; path = resources/server_blue.tiff; sourceTree = "<group>"; };
		0DE909F105CF240600AE1A1D /* server_green.tiff */ = {isa = PBXFileReference; lastKnownFileType = image.tiff; name = server_green.tiff; path = resources/server_green.tiff; sourceTree = "<group>"; };
		0DE909F205CF240600AE1A1D /* server_orange.tiff */ = {isa = PBXFileReference; lastKnownFileType = image.tiff; name = server_orange.tiff; path = resources/server_orange.tiff; sourceTree = "<group>"; };
		0DE909F305CF240600AE1A1D /* server_purple.tiff */ = {isa = PBXFileReference; lastKnownFileType = image.tiff; name = server_purple.tiff; path = resources/server_purple.tiff; sourceTree = "<group>"; };
		0DE909F405CF240600AE1A1D /* server_red.tiff */ = {isa = PBXFileReference; lastKnownFileType = image.tiff; name = server_red.tiff; path = resources/server_red.tiff; sourceTree = "<group>"; };
		0DEF43850B5C80DE00649C2D /* BindingItem.h */ = {isa = PBXFileReference; fileEncoding = 4; lastKnownFileType = sourcecode.c.h; name = BindingItem.h; path = sources/BindingItem.h; sourceTree = "<group>"; };
		0DEF43860B5C80DE00649C2D /* BindingItem.m */ = {isa = PBXFileReference; fileEncoding = 4; lastKnownFileType = sourcecode.c.objc; name = BindingItem.m; path = sources/BindingItem.m; sourceTree = "<group>"; };
		0DEF47290B5F8DCE00649C2D /* ChannelViewController.m */ = {isa = PBXFileReference; fileEncoding = 4; lastKnownFileType = sourcecode.c.objc; name = ChannelViewController.m; path = sources/ChannelViewController.m; sourceTree = "<group>"; };
		0DEF472A0B5F8DDB00649C2D /* ChannelViewController.h */ = {isa = PBXFileReference; fileEncoding = 4; lastKnownFileType = sourcecode.c.h; name = ChannelViewController.h; path = sources/ChannelViewController.h; sourceTree = "<group>"; };
		0DF0A78505A154D200EB6A00 /* IRCSender.h */ = {isa = PBXFileReference; fileEncoding = 4; lastKnownFileType = sourcecode.c.h; name = IRCSender.h; path = sources/IRCSender.h; sourceTree = "<group>"; };
		0DF0A78605A154D200EB6A00 /* IRCSender.m */ = {isa = PBXFileReference; fileEncoding = 4; lastKnownFileType = sourcecode.c.objc; name = IRCSender.m; path = sources/IRCSender.m; sourceTree = "<group>"; };
		0DF0A78E05A1553000EB6A00 /* IRCHandler.h */ = {isa = PBXFileReference; fileEncoding = 4; lastKnownFileType = sourcecode.c.h; name = IRCHandler.h; path = sources/IRCHandler.h; sourceTree = "<group>"; };
		0DF0A78F05A1553000EB6A00 /* IRCHandler.m */ = {isa = PBXFileReference; fileEncoding = 4; lastKnownFileType = sourcecode.c.objc; name = IRCHandler.m; path = sources/IRCHandler.m; sourceTree = "<group>"; };
		0DF1C9CF08AB7D9500D25E46 /* toolbar_view.tiff */ = {isa = PBXFileReference; lastKnownFileType = image.tiff; name = toolbar_view.tiff; path = resources/toolbar_view.tiff; sourceTree = "<group>"; };
		0DF1C9D508AC4EAF00D25E46 /* toolbar_notification.tiff */ = {isa = PBXFileReference; lastKnownFileType = image.tiff; name = toolbar_notification.tiff; path = resources/toolbar_notification.tiff; sourceTree = "<group>"; };
		0DF1CA9A08ACEF2D00D25E46 /* toolbar_log.tiff */ = {isa = PBXFileReference; lastKnownFileType = image.tiff; name = toolbar_log.tiff; path = resources/toolbar_log.tiff; sourceTree = "<group>"; };
		0DF6E01F05F4045E00E08BC5 /* PopSplitView.h */ = {isa = PBXFileReference; fileEncoding = 4; lastKnownFileType = sourcecode.c.h; name = PopSplitView.h; path = sources/PopSplitView.h; sourceTree = "<group>"; };
		0DF6E02005F4045E00E08BC5 /* PopSplitView.m */ = {isa = PBXFileReference; fileEncoding = 4; lastKnownFileType = sourcecode.c.objc; name = PopSplitView.m; path = sources/PopSplitView.m; sourceTree = "<group>"; };
		0DFEAA940A9DA54E00F4FB38 /* EditCellController.h */ = {isa = PBXFileReference; fileEncoding = 4; lastKnownFileType = sourcecode.c.h; name = EditCellController.h; path = sources/EditCellController.h; sourceTree = "<group>"; };
		0DFEAA950A9DA54E00F4FB38 /* EditCellController.m */ = {isa = PBXFileReference; fileEncoding = 4; lastKnownFileType = sourcecode.c.objc; name = EditCellController.m; path = sources/EditCellController.m; sourceTree = "<group>"; };
		0DFEAB370A9DEAC000F4FB38 /* FontNameToFontTransformer.h */ = {isa = PBXFileReference; fileEncoding = 4; lastKnownFileType = sourcecode.c.h; name = FontNameToFontTransformer.h; path = sources/FontNameToFontTransformer.h; sourceTree = "<group>"; };
		0DFEAB380A9DEAC000F4FB38 /* FontNameToFontTransformer.m */ = {isa = PBXFileReference; fileEncoding = 4; lastKnownFileType = sourcecode.c.objc; name = FontNameToFontTransformer.m; path = sources/FontNameToFontTransformer.m; sourceTree = "<group>"; };
		0DFEAB390A9DEAC000F4FB38 /* FontWell.h */ = {isa = PBXFileReference; fileEncoding = 4; lastKnownFileType = sourcecode.c.h; name = FontWell.h; path = sources/FontWell.h; sourceTree = "<group>"; };
		0DFEAB3A0A9DEAC000F4FB38 /* FontWell.m */ = {isa = PBXFileReference; fileEncoding = 4; lastKnownFileType = sourcecode.c.objc; name = FontWell.m; path = sources/FontWell.m; sourceTree = "<group>"; };
		0DFEABD30A9E716100F4FB38 /* ServerModal.h */ = {isa = PBXFileReference; fileEncoding = 4; lastKnownFileType = sourcecode.c.h; name = ServerModal.h; path = sources/ServerModal.h; sourceTree = "<group>"; };
		0DFEABD40A9E716100F4FB38 /* ServerModal.m */ = {isa = PBXFileReference; fileEncoding = 4; lastKnownFileType = sourcecode.c.objc; name = ServerModal.m; path = sources/ServerModal.m; sourceTree = "<group>"; };
		1058C7A1FEA54F0111CA2CBB /* Cocoa.framework */ = {isa = PBXFileReference; lastKnownFileType = wrapper.framework; name = Cocoa.framework; path = /System/Library/Frameworks/Cocoa.framework; sourceTree = "<absolute>"; };
		29B97324FDCFA39411CA2CEA /* AppKit.framework */ = {isa = PBXFileReference; lastKnownFileType = wrapper.framework; name = AppKit.framework; path = /System/Library/Frameworks/AppKit.framework; sourceTree = "<absolute>"; };
		29B97325FDCFA39411CA2CEA /* Foundation.framework */ = {isa = PBXFileReference; lastKnownFileType = wrapper.framework; name = Foundation.framework; path = /System/Library/Frameworks/Foundation.framework; sourceTree = "<absolute>"; };
		8D1107310486CEB800E47090 /* Info.plist */ = {isa = PBXFileReference; fileEncoding = 4; lastKnownFileType = text.plist; path = Info.plist; sourceTree = "<group>"; };
		8D1107320486CEB800E47090 /* IRcat.app */ = {isa = PBXFileReference; explicitFileType = wrapper.application; includeInIndex = 0; path = IRcat.app; sourceTree = BUILT_PRODUCTS_DIR; };
/* End PBXFileReference section */

/* Begin PBXFrameworksBuildPhase section */
		8D11072E0486CEB800E47090 /* Frameworks */ = {
			isa = PBXFrameworksBuildPhase;
			buildActionMask = 2147483647;
			files = (
				8D11072F0486CEB800E47090 /* Cocoa.framework in Frameworks */,
				0D8674C007F69863006A24BF /* ApplicationServices.framework in Frameworks */,
				0DD84AB10811EE5200546BE9 /* Carbon.framework in Frameworks */,
			);
			runOnlyForDeploymentPostprocessing = 0;
		};
/* End PBXFrameworksBuildPhase section */

/* Begin PBXGroup section */
		080E96DDFE201D6D7F000001 /* Classes */ = {
			isa = PBXGroup;
			children = (
				0DEF43850B5C80DE00649C2D /* BindingItem.h */,
				0DEF43860B5C80DE00649C2D /* BindingItem.m */,
				0DC4845A07C8C4690075E7DF /* TextEncodings.h */,
				0DC4845B07C8C4690075E7DF /* TextEncodings.m */,
				0D1B0AE10551E1EF00626EFE /* ScrollView.h */,
				0D1B0AE20551E1EF00626EFE /* ScrollView.m */,
			);
			name = Classes;
			sourceTree = "<group>";
		};
		0D1B0B340551E28F00626EFE /* Server Icon */ = {
			isa = PBXGroup;
			children = (
				0DE909F005CF240600AE1A1D /* server_blue.tiff */,
				0DE909F105CF240600AE1A1D /* server_green.tiff */,
				0DE909F205CF240600AE1A1D /* server_orange.tiff */,
				0DE909F305CF240600AE1A1D /* server_purple.tiff */,
				0DE909F405CF240600AE1A1D /* server_red.tiff */,
			);
			name = "Server Icon";
			sourceTree = "<group>";
		};
		0D1B0B370551E2B400626EFE /* Preference Icon */ = {
			isa = PBXGroup;
			children = (
				0DF1C9CF08AB7D9500D25E46 /* toolbar_view.tiff */,
				0D7A955B08B58E5800E3BEBE /* toolbar_etc.tiff */,
				0D67D78608AB01E800C75F4E /* toolbar_font.tiff */,
				0D67D78708AB01E800C75F4E /* toolbar_userinfo.tiff */,
				0DF1C9D508AC4EAF00D25E46 /* toolbar_notification.tiff */,
				0DF1CA9A08ACEF2D00D25E46 /* toolbar_log.tiff */,
				0D7A955508B4D13D00E3BEBE /* toolbar_friends.tiff */,
				0D1B0B140551E24600626EFE /* delete.tiff */,
				0D1B0B0B0551E22000626EFE /* add.tiff */,
			);
			name = "Preference Icon";
			sourceTree = "<group>";
		};
		0D1B0B3F0551E2FA00626EFE /* Window Icon */ = {
			isa = PBXGroup;
			children = (
				0D2932380B670D1E005BB4CE /* icon_warning.tiff */,
				0D8BA67E07B1D8AA00D2258B /* lock.tiff */,
				0D8BA69907B1DF0F00D2258B /* tear_off.tiff */,
				0D8BA69A07B1DF0F00D2258B /* tear_on.tiff */,
				0D1B0B1E0551E26000626EFE /* op.tiff */,
				0D5E85D605BF4858006FEA3D /* voice.tif */,
			);
			name = "Window Icon";
			sourceTree = "<group>";
		};
		0D3A8132066E8DB40026B9BA /* Log Icon */ = {
			isa = PBXGroup;
			children = (
				0D3A812D066E8D0D0026B9BA /* log_on.tiff */,
				0D3A814C066E9DE30026B9BA /* log_off.tiff */,
			);
			name = "Log Icon";
			sourceTree = "<group>";
		};
		0D5126620DB3476300FFC84A /* nib */ = {
			isa = PBXGroup;
			children = (
				0D5126810DB3480500FFC84A /* ChannelView.nib */,
				0D5126820DB3480600FFC84A /* JoinInputsSheet.nib */,
				0D5126830DB3480600FFC84A /* MainMenu.nib */,
				0D5126840DB3480600FFC84A /* MainWindow.nib */,
				0D5126850DB3480600FFC84A /* MenuSheet.nib */,
				0D5126860DB3480600FFC84A /* OneInputSheet.nib */,
				0D5126870DB3480600FFC84A /* Preferences.nib */,
				0D5126880DB3480600FFC84A /* ServerSetup.nib */,
				0D5126890DB3480600FFC84A /* TearOffWindow.nib */,
				0D51268A0DB3480600FFC84A /* TwoInputsSheet.nib */,
			);
			name = nib;
			sourceTree = "<group>";
		};
		0D5DD2A409E33B3800F97FF6 /* Constants */ = {
			isa = PBXGroup;
			children = (
				0D1B0ACD0551E1EF00626EFE /* IRcatConstants.h */,
			);
			name = Constants;
			sourceTree = "<group>";
		};
		0D5DD2B209E33C5600F97FF6 /* Strings */ = {
			isa = PBXGroup;
			children = (
				0D51269C0DB3482F00FFC84A /* ContextMenu.xml */,
				0D51269D0DB3482F00FFC84A /* format.xml */,
				0D5126950DB3482200FFC84A /* InfoPlist.strings */,
				0D5126960DB3482200FFC84A /* Localizable.strings */,
				0D5126970DB3482200FFC84A /* MainToolbar.strings */,
			);
			name = Strings;
			sourceTree = "<group>";
		};
		0D601A0F05CDCBB40095318F /* Channel Icon */ = {
			isa = PBXGroup;
			children = (
				0D8BA87C07B3AA3200D2258B /* channel_none.tiff */,
				0D1B0B0D0551E22000626EFE /* channel_console.tiff */,
				0D60199005CB26F70095318F /* channel_red.tiff */,
				0D6019AE05CBBD5E0095318F /* channel_green.tiff */,
				0D6019B405CBBDE40095318F /* channel_purple.tiff */,
				0D6019AF05CBBD5E0095318F /* channel_orange.tiff */,
				0D6019AC05CBBD4D0095318F /* channel_blue.tiff */,
			);
			name = "Channel Icon";
			sourceTree = "<group>";
		};
		0D67D76E08AAFDF500C75F4E /* Preference */ = {
			isa = PBXGroup;
			children = (
				0D1B0ADE0551E1EF00626EFE /* PreferenceHeader.h */,
				0D1B0ADC0551E1EF00626EFE /* PreferenceWindowController.h */,
				0D1B0ADD0551E1EF00626EFE /* PreferenceWindowController.m */,
				0D1B0ADF0551E1EF00626EFE /* PreferenceModal.h */,
				0D1B0AE00551E1EF00626EFE /* PreferenceModal.m */,
			);
			name = Preference;
			sourceTree = "<group>";
		};
		0D691E2405C882F000FB0E3D /* Channel */ = {
			isa = PBXGroup;
			children = (
				0D3DEE6B0839FEB300DCBB0A /* ConsoleModal.h */,
				0D3DEE6C0839FEB300DCBB0A /* ConsoleModal.m */,
				0D1B0ADB0551E1EF00626EFE /* NickListItem.m */,
				0D1B0ADA0551E1EF00626EFE /* NickListItem.h */,
				0D1B0AB80551E1DF00626EFE /* ChannelModal.h */,
				0D1B0AB90551E1DF00626EFE /* ChannelModal.m */,
				0DEF472A0B5F8DDB00649C2D /* ChannelViewController.h */,
				0DEF47290B5F8DCE00649C2D /* ChannelViewController.m */,
			);
			name = Channel;
			sourceTree = "<group>";
		};
		0D73C2C7066B70D2009EDAB4 /* Message */ = {
			isa = PBXGroup;
			children = (
				0D86746E07F692D7006A24BF /* AnalysisFilter.h */,
				0D86746F07F692D7006A24BF /* AnalysisFilter.m */,
				0D1B0AC90551E1EF00626EFE /* FormatItem.h */,
				0D1B0ACA0551E1EF00626EFE /* FormatItem.m */,
				0D1B0ACB0551E1EF00626EFE /* FormatTable.h */,
				0D1B0ACC0551E1EF00626EFE /* FormatTable.m */,
				0D1B0AD00551E1EF00626EFE /* IRcatUtilities.h */,
				0D1B0AD10551E1EF00626EFE /* IRcatUtilities.m */,
				0D1B0AD20551E1EF00626EFE /* IRCMessage.h */,
				0D1B0AD30551E1EF00626EFE /* IRCMessage.m */,
			);
			name = Message;
			sourceTree = "<group>";
		};
		0D9949D9069E13CB004385E9 /* Friend Icon */ = {
			isa = PBXGroup;
			children = (
				0D9949D3069E13B4004385E9 /* friend_cat.tiff */,
			);
			name = "Friend Icon";
			sourceTree = "<group>";
		};
		0D9FC482C5B0652200CB563B /* Value Transformer */ = {
			isa = PBXGroup;
			children = (
				0D6E748C0B662829000A1FB8 /* IsEmptyStringTransformer.h */,
				0D6E748D0B662829000A1FB8 /* IsEmptyStringTransformer.m */,
				0D9FC56FC5B0652200CB563B /* ColorNameToColorTransformer.h */,
				0D9FC570C5B0652200CB563B /* ColorNameToColorTransformer.m */,
				0DFEAB370A9DEAC000F4FB38 /* FontNameToFontTransformer.h */,
				0DFEAB380A9DEAC000F4FB38 /* FontNameToFontTransformer.m */,
				0D1B78B30A9AC1CB00018976 /* ImageNameToImageTransformer.h */,
				0D1B78B40A9AC1CB00018976 /* ImageNameToImageTransformer.m */,
				0D9C91E70DBC0EB100627DD6 /* SelectedValueToIndexTransformer.h */,
				0D9C91E80DBC0EB100627DD6 /* SelectedValueToIndexTransformer.m */,
			);
			name = "Value Transformer";
			sourceTree = "<group>";
		};
		0DC131A3067EFD0E00D40FE1 /* Priv Icon */ = {
			isa = PBXGroup;
			children = (
				0DC13205067EFE0100D40FE1 /* priv_blue.tiff */,
				0DC13206067EFE0100D40FE1 /* priv_green.tiff */,
				0DC13207067EFE0100D40FE1 /* priv_orange.tiff */,
				0DC13208067EFE0100D40FE1 /* priv_purple.tiff */,
				0DC13209067EFE0100D40FE1 /* priv_red.tiff */,
			);
			name = "Priv Icon";
			sourceTree = "<group>";
		};
		0DC47C3507C34FDE0075E7DF /* Condition Icon */ = {
			isa = PBXGroup;
			children = (
				0DC47C2F07C34FC10075E7DF /* condition_connecting.tiff */,
				0DC47C7A07C36B3A0075E7DF /* condition_connected.tiff */,
				0DC47CCA07C4371D0075E7DF /* condition_disconnected.tiff */,
				0DC47CCB07C4371D0075E7DF /* condition_registering.tiff */,
			);
			name = "Condition Icon";
			sourceTree = "<group>";
		};
		0DDC09E505C0D33F00C6ACEA /* Servers */ = {
			isa = PBXGroup;
			children = (
				0D9FC315C5B0652200CB563B /* ServersWindowController.h */,
				0D9FC314C5B0652200CB563B /* ServersWindowController.m */,
				0D1B0AE50551E1EF00626EFE /* ServersModal.h */,
				0D1B0AE60551E1EF00626EFE /* ServersModal.m */,
				0DFEABD30A9E716100F4FB38 /* ServerModal.h */,
				0DFEABD40A9E716100F4FB38 /* ServerModal.m */,
				0D1B78790A9A7FF900018976 /* ServersController.h */,
				0D1B787A0A9A7FF900018976 /* ServersController.m */,
			);
			name = Servers;
			sourceTree = "<group>";
		};
		0DDC09E905C1393600C6ACEA /* Interface */ = {
			isa = PBXGroup;
			children = (
				0D6C058F06CCC52F00AAFD43 /* TextFieldHistories.h */,
				0D6C059006CCC52F00AAFD43 /* TextFieldHistories.m */,
				0D1B0AB40551E1DF00626EFE /* ApplicationController.h */,
				0D1B0AB50551E1DF00626EFE /* ApplicationController.m */,
				0D1B0ACE0551E1EF00626EFE /* IRcatInterface.h */,
				0D1B0ACF0551E1EF00626EFE /* IRcatInterface.m */,
				0DC54059063E0D140018F9BE /* ContextMenuManager.h */,
				0DC5405A063E0D140018F9BE /* ContextMenuManager.m */,
				0DF6E01F05F4045E00E08BC5 /* PopSplitView.h */,
				0DF6E02005F4045E00E08BC5 /* PopSplitView.m */,
				0DC54000063C88160018F9BE /* NickListView.h */,
				0DC54001063C88160018F9BE /* NickListView.m */,
				0D226AD50667124300952799 /* InputSheet.h */,
				0D226AD60667124300952799 /* InputSheet.m */,
				0D1B0AD80551E1EF00626EFE /* MainWindowController.h */,
				0D1B0AD90551E1EF00626EFE /* MainWindowController.m */,
				0D7C9B8B07D58AF900571A22 /* ChannelWindowController.h */,
				0D7C9B8C07D58AF900571A22 /* ChannelWindowController.m */,
			);
			name = Interface;
			sourceTree = "<group>";
		};
		0DEA296A0AA684270056721D /* Menu Array */ = {
			isa = PBXGroup;
			children = (
			);
			name = "Menu Array";
			sourceTree = "<group>";
		};
		0DF0A53305A152C900EB6A00 /* Connection */ = {
			isa = PBXGroup;
			children = (
				0D1B0AE70551E1EF00626EFE /* TCPConnection.h */,
				0D1B0AE80551E1EF00626EFE /* TCPConnection.m */,
			);
			name = Connection;
			sourceTree = "<group>";
		};
		0DF0A78B05A154DD00EB6A00 /* IRC Protocol */ = {
			isa = PBXGroup;
			children = (
				0D1B0AD50551E1EF00626EFE /* IRCSession_Send.m */,
				0D1B0AD40551E1EF00626EFE /* IRCSession_Handle.m */,
				0D1B0AD60551E1EF00626EFE /* IRCSession.h */,
				0D1B0AD70551E1EF00626EFE /* IRCSession.m */,
				0DF0A78505A154D200EB6A00 /* IRCSender.h */,
				0DF0A78605A154D200EB6A00 /* IRCSender.m */,
				0DF0A78E05A1553000EB6A00 /* IRCHandler.h */,
				0DF0A78F05A1553000EB6A00 /* IRCHandler.m */,
			);
			name = "IRC Protocol";
			sourceTree = "<group>";
		};
		0DFEAA910A9DA4EB00F4FB38 /* ObjectController */ = {
			isa = PBXGroup;
			children = (
				0DFEAA940A9DA54E00F4FB38 /* EditCellController.h */,
				0DFEAA950A9DA54E00F4FB38 /* EditCellController.m */,
			);
			name = ObjectController;
			sourceTree = "<group>";
		};
		0DFEAB400A9DEAE100F4FB38 /* View/Controller */ = {
			isa = PBXGroup;
			children = (
				0D1B0ABC0551E1DF00626EFE /* ConsoleTextView.h */,
				0D1B0ABD0551E1E000626EFE /* ConsoleTextView.m */,
				0D98ECEE0DAEE13E0089DD12 /* BufferedFieldEditor.h */,
				0D98ECEF0DAEE13E0089DD12 /* BufferedFieldEditor.m */,
				0DFEAB390A9DEAC000F4FB38 /* FontWell.h */,
				0DFEAB3A0A9DEAC000F4FB38 /* FontWell.m */,
			);
			name = View/Controller;
			sourceTree = "<group>";
		};
		1058C7A0FEA54F0111CA2CBB /* Linked Frameworks */ = {
			isa = PBXGroup;
			children = (
				1058C7A1FEA54F0111CA2CBB /* Cocoa.framework */,
			);
			name = "Linked Frameworks";
			sourceTree = "<group>";
		};
		1058C7A2FEA54F0111CA2CBB /* Other Frameworks */ = {
			isa = PBXGroup;
			children = (
				0D8674BF07F69863006A24BF /* ApplicationServices.framework */,
				0DD84AB00811EE5200546BE9 /* Carbon.framework */,
				29B97325FDCFA39411CA2CEA /* Foundation.framework */,
				29B97324FDCFA39411CA2CEA /* AppKit.framework */,
			);
			name = "Other Frameworks";
			sourceTree = "<group>";
		};
		19C28FACFE9D520D11CA2CBB /* Products */ = {
			isa = PBXGroup;
			children = (
				8D1107320486CEB800E47090 /* IRcat.app */,
			);
			name = Products;
			sourceTree = "<group>";
		};
		29B97314FDCFA39411CA2CEA /* IRcat */ = {
			isa = PBXGroup;
			children = (
				0D5DD2A409E33B3800F97FF6 /* Constants */,
				0DDC09E505C0D33F00C6ACEA /* Servers */,
				0DF0A53305A152C900EB6A00 /* Connection */,
				0DF0A78B05A154DD00EB6A00 /* IRC Protocol */,
				0DDC09E905C1393600C6ACEA /* Interface */,
				0D691E2405C882F000FB0E3D /* Channel */,
				0D73C2C7066B70D2009EDAB4 /* Message */,
				0D67D76E08AAFDF500C75F4E /* Preference */,
				0DFEAA910A9DA4EB00F4FB38 /* ObjectController */,
				0DEA296A0AA684270056721D /* Menu Array */,
				0D9FC482C5B0652200CB563B /* Value Transformer */,
				0DFEAB400A9DEAE100F4FB38 /* View/Controller */,
				080E96DDFE201D6D7F000001 /* Classes */,
				29B97315FDCFA39411CA2CEA /* Other Sources */,
				29B97317FDCFA39411CA2CEA /* Resources */,
				29B97323FDCFA39411CA2CEA /* Frameworks */,
				19C28FACFE9D520D11CA2CBB /* Products */,
			);
			name = IRcat;
			sourceTree = "<group>";
		};
		29B97315FDCFA39411CA2CEA /* Other Sources */ = {
			isa = PBXGroup;
			children = (
				0D5126A00DB3484300FFC84A /* IRcat_Prefix.pch */,
				0D5126A20DB3484A00FFC84A /* main.m */,
			);
			name = "Other Sources";
			sourceTree = "<group>";
		};
		29B97317FDCFA39411CA2CEA /* Resources */ = {
			isa = PBXGroup;
			children = (
				0D5126620DB3476300FFC84A /* nib */,
				8D1107310486CEB800E47090 /* Info.plist */,
				0D5DD2B209E33C5600F97FF6 /* Strings */,
				0DC47C3507C34FDE0075E7DF /* Condition Icon */,
				0D1B0B3F0551E2FA00626EFE /* Window Icon */,
				0D601A0F05CDCBB40095318F /* Channel Icon */,
				0D1B0B370551E2B400626EFE /* Preference Icon */,
				0DC131A3067EFD0E00D40FE1 /* Priv Icon */,
				0D1B0B340551E28F00626EFE /* Server Icon */,
				0D3A8132066E8DB40026B9BA /* Log Icon */,
				0D9949D9069E13CB004385E9 /* Friend Icon */,
				0D1B0B1C0551E26000626EFE /* ircat.icns */,
			);
			name = Resources;
			sourceTree = "<group>";
		};
		29B97323FDCFA39411CA2CEA /* Frameworks */ = {
			isa = PBXGroup;
			children = (
				1058C7A0FEA54F0111CA2CBB /* Linked Frameworks */,
				1058C7A2FEA54F0111CA2CBB /* Other Frameworks */,
			);
			name = Frameworks;
			sourceTree = "<group>";
		};
/* End PBXGroup section */

/* Begin PBXHeadersBuildPhase section */
		8D1107270486CEB800E47090 /* Headers */ = {
			isa = PBXHeadersBuildPhase;
			buildActionMask = 2147483647;
			files = (
				0D975A590551E5B60010C7B2 /* FormatTable.h in Headers */,
				0D975A5D0551E5C90010C7B2 /* IRCMessage.h in Headers */,
				0D975A5E0551E5D00010C7B2 /* IRCSession.h in Headers */,
				0D975A660551E5E30010C7B2 /* ServersModal.h in Headers */,
				0D975A600551E5D40010C7B2 /* NickListItem.h in Headers */,
				0D975A620551E5DC0010C7B2 /* PreferenceHeader.h in Headers */,
				0D975A630551E5DC0010C7B2 /* PreferenceModal.h in Headers */,
				0D975A670551E5E60010C7B2 /* TCPConnection.h in Headers */,
				0D975A5A0551E5BF0010C7B2 /* IRcatConstants.h in Headers */,
				0D975A5B0551E5BF0010C7B2 /* IRcatInterface.h in Headers */,
				0D975A5F0551E5D20010C7B2 /* MainWindowController.h in Headers */,
				0D975A640551E5DE0010C7B2 /* ScrollView.h in Headers */,
				0D975A610551E5D90010C7B2 /* PreferenceWindowController.h in Headers */,
				0D975A5C0551E5C60010C7B2 /* IRcatUtilities.h in Headers */,
				0DF6E02105F4045E00E08BC5 /* PopSplitView.h in Headers */,
				0DC54002063C88160018F9BE /* NickListView.h in Headers */,
				0DC5405B063E0D140018F9BE /* ContextMenuManager.h in Headers */,
				0D226AD70667124300952799 /* InputSheet.h in Headers */,
				0D3A7E1C066C029B0026B9BA /* FormatItem.h in Headers */,
				0D6C059106CCC52F00AAFD43 /* TextFieldHistories.h in Headers */,
				0DC4845C07C8C4690075E7DF /* TextEncodings.h in Headers */,
				0D7C9B8D07D58AF900571A22 /* ChannelWindowController.h in Headers */,
				0D3DEE6D0839FEB300DCBB0A /* ConsoleModal.h in Headers */,
				0D1B787B0A9A7FF900018976 /* ServersController.h in Headers */,
				0D1B78B50A9AC1CB00018976 /* ImageNameToImageTransformer.h in Headers */,
				0DFEAA960A9DA54E00F4FB38 /* EditCellController.h in Headers */,
				0DFEAB3B0A9DEAC000F4FB38 /* FontNameToFontTransformer.h in Headers */,
				0DFEAB3D0A9DEAC000F4FB38 /* FontWell.h in Headers */,
				0DFEABD50A9E716100F4FB38 /* ServerModal.h in Headers */,
				0D9FC571C5B0652200CB563B /* ColorNameToColorTransformer.h in Headers */,
				0DEF43870B5C80DE00649C2D /* BindingItem.h in Headers */,
				0D6E748E0B662829000A1FB8 /* IsEmptyStringTransformer.h in Headers */,
				0D98ECF00DAEE13E0089DD12 /* BufferedFieldEditor.h in Headers */,
				0D5126A10DB3484300FFC84A /* IRcat_Prefix.pch in Headers */,
				0D9C91E90DBC0EB100627DD6 /* SelectedValueToIndexTransformer.h in Headers */,
			);
			runOnlyForDeploymentPostprocessing = 0;
		};
/* End PBXHeadersBuildPhase section */

/* Begin PBXNativeTarget section */
		8D1107260486CEB800E47090 /* IRcat */ = {
			isa = PBXNativeTarget;
			buildConfigurationList = 0D1BA9E2086E993500E3E8C8 /* Build configuration list for PBXNativeTarget "IRcat" */;
			buildPhases = (
				8D1107270486CEB800E47090 /* Headers */,
				8D1107290486CEB800E47090 /* Resources */,
				8D11072C0486CEB800E47090 /* Sources */,
				8D11072E0486CEB800E47090 /* Frameworks */,
			);
			buildRules = (
			);
			dependencies = (
			);
			name = IRcat;
			productInstallPath = "$(HOME)/Applications";
			productName = IRcat;
			productReference = 8D1107320486CEB800E47090 /* IRcat.app */;
			productType = "com.apple.product-type.application";
		};
/* End PBXNativeTarget section */

/* Begin PBXProject section */
		29B97313FDCFA39411CA2CEA /* Project object */ = {
			isa = PBXProject;
			buildConfigurationList = 0D1BA9E6086E993500E3E8C8 /* Build configuration list for PBXProject "ircat" */;
			compatibilityVersion = "Xcode 2.4";
			hasScannedForEncodings = 1;
			mainGroup = 29B97314FDCFA39411CA2CEA /* IRcat */;
			projectDirPath = "";
			projectRoot = "";
			targets = (
				8D1107260486CEB800E47090 /* IRcat */,
			);
		};
/* End PBXProject section */

/* Begin PBXResourcesBuildPhase section */
		8D1107290486CEB800E47090 /* Resources */ = {
			isa = PBXResourcesBuildPhase;
			buildActionMask = 2147483647;
			files = (
				0D1B0B100551E22000626EFE /* add.tiff in Resources */,
				0D1B0B120551E22000626EFE /* channel_console.tiff in Resources */,
				0D1B0B150551E24600626EFE /* delete.tiff in Resources */,
				0D1B0B220551E26000626EFE /* ircat.icns in Resources */,
				0D1B0B240551E26000626EFE /* op.tiff in Resources */,
				0D5E85D705BF4858006FEA3D /* voice.tif in Resources */,
				0D60199105CB26F70095318F /* channel_red.tiff in Resources */,
				0D6019AD05CBBD4D0095318F /* channel_blue.tiff in Resources */,
				0D6019B105CBBD5E0095318F /* channel_green.tiff in Resources */,
				0D6019B205CBBD5E0095318F /* channel_orange.tiff in Resources */,
				0D6019B505CBBDE40095318F /* channel_purple.tiff in Resources */,
				0DE909F505CF240600AE1A1D /* server_blue.tiff in Resources */,
				0DE909F605CF240600AE1A1D /* server_green.tiff in Resources */,
				0DE909F705CF240600AE1A1D /* server_orange.tiff in Resources */,
				0DE909F805CF240600AE1A1D /* server_purple.tiff in Resources */,
				0DE909F905CF240600AE1A1D /* server_red.tiff in Resources */,
				0D3A812E066E8D0E0026B9BA /* log_on.tiff in Resources */,
				0D3A814D066E9DE30026B9BA /* log_off.tiff in Resources */,
				0DC1320A067EFE0100D40FE1 /* priv_blue.tiff in Resources */,
				0DC1320B067EFE0100D40FE1 /* priv_green.tiff in Resources */,
				0DC1320C067EFE0100D40FE1 /* priv_orange.tiff in Resources */,
				0DC1320D067EFE0100D40FE1 /* priv_purple.tiff in Resources */,
				0DC1320E067EFE0100D40FE1 /* priv_red.tiff in Resources */,
				0D9949D4069E13B4004385E9 /* friend_cat.tiff in Resources */,
				0D8BA67F07B1D8AA00D2258B /* lock.tiff in Resources */,
				0D8BA69B07B1DF0F00D2258B /* tear_off.tiff in Resources */,
				0D8BA69C07B1DF0F00D2258B /* tear_on.tiff in Resources */,
				0D8BA87D07B3AA3300D2258B /* channel_none.tiff in Resources */,
				0DC47C3007C34FC20075E7DF /* condition_connecting.tiff in Resources */,
				0DC47C7B07C36B3A0075E7DF /* condition_connected.tiff in Resources */,
				0DC47CCC07C4371D0075E7DF /* condition_disconnected.tiff in Resources */,
				0DC47CCD07C4371D0075E7DF /* condition_registering.tiff in Resources */,
				0D67D78808AB01E800C75F4E /* toolbar_font.tiff in Resources */,
				0D67D78908AB01E800C75F4E /* toolbar_userinfo.tiff in Resources */,
				0DF1C9D008AB7D9500D25E46 /* toolbar_view.tiff in Resources */,
				0DF1C9D608AC4EAF00D25E46 /* toolbar_notification.tiff in Resources */,
				0DF1CA9B08ACEF2D00D25E46 /* toolbar_log.tiff in Resources */,
				0D7A955608B4D13D00E3BEBE /* toolbar_friends.tiff in Resources */,
				0D7A955C08B58E5800E3BEBE /* toolbar_etc.tiff in Resources */,
				0D2932390B670D1E005BB4CE /* icon_warning.tiff in Resources */,
				0D51268B0DB3480600FFC84A /* ChannelView.nib in Resources */,
				0D51268C0DB3480600FFC84A /* JoinInputsSheet.nib in Resources */,
				0D51268D0DB3480600FFC84A /* MainMenu.nib in Resources */,
				0D51268E0DB3480600FFC84A /* MainWindow.nib in Resources */,
				0D51268F0DB3480600FFC84A /* MenuSheet.nib in Resources */,
				0D5126900DB3480600FFC84A /* OneInputSheet.nib in Resources */,
				0D5126910DB3480600FFC84A /* Preferences.nib in Resources */,
				0D5126920DB3480600FFC84A /* ServerSetup.nib in Resources */,
				0D5126930DB3480600FFC84A /* TearOffWindow.nib in Resources */,
				0D5126940DB3480600FFC84A /* TwoInputsSheet.nib in Resources */,
				0D5126980DB3482200FFC84A /* InfoPlist.strings in Resources */,
				0D5126990DB3482200FFC84A /* Localizable.strings in Resources */,
				0D51269A0DB3482200FFC84A /* MainToolbar.strings in Resources */,
				0D51269E0DB3482F00FFC84A /* ContextMenu.xml in Resources */,
				0D51269F0DB3482F00FFC84A /* format.xml in Resources */,
			);
			runOnlyForDeploymentPostprocessing = 0;
		};
/* End PBXResourcesBuildPhase section */

/* Begin PBXSourcesBuildPhase section */
		8D11072C0486CEB800E47090 /* Sources */ = {
			isa = PBXSourcesBuildPhase;
			buildActionMask = 2147483647;
			files = (
				0D1B0ABF0551E1E000626EFE /* ApplicationController.m in Sources */,
				0D1B0AC30551E1E000626EFE /* ChannelModal.m in Sources */,
				0D1B0AC70551E1E000626EFE /* ConsoleTextView.m in Sources */,
				0D1B0AED0551E1F000626EFE /* FormatTable.m in Sources */,
				0D1B0AF00551E1F000626EFE /* IRcatInterface.m in Sources */,
				0D1B0AF20551E1F000626EFE /* IRcatUtilities.m in Sources */,
				0D1B0AF40551E1F000626EFE /* IRCMessage.m in Sources */,
				0D1B0AF50551E1F000626EFE /* IRCSession_Handle.m in Sources */,
				0D1B0AF60551E1F000626EFE /* IRCSession_Send.m in Sources */,
				0D1B0AF80551E1F000626EFE /* IRCSession.m in Sources */,
				0D1B0AFA0551E1F000626EFE /* MainWindowController.m in Sources */,
				0D1B0AFC0551E1F000626EFE /* NickListItem.m in Sources */,
				0D1B0AFE0551E1F000626EFE /* PreferenceWindowController.m in Sources */,
				0D1B0B010551E1F000626EFE /* PreferenceModal.m in Sources */,
				0D1B0B030551E1F000626EFE /* ScrollView.m in Sources */,
				0D1B0B070551E1F000626EFE /* ServersModal.m in Sources */,
				0D1B0B090551E1F000626EFE /* TCPConnection.m in Sources */,
				0DF6E02205F4045E00E08BC5 /* PopSplitView.m in Sources */,
				0DC54003063C88160018F9BE /* NickListView.m in Sources */,
				0DC5405C063E0D140018F9BE /* ContextMenuManager.m in Sources */,
				0D226AD80667124300952799 /* InputSheet.m in Sources */,
				0D3A7E1D066C029F0026B9BA /* FormatItem.m in Sources */,
				0D6C059206CCC52F00AAFD43 /* TextFieldHistories.m in Sources */,
				0DC4845D07C8C4690075E7DF /* TextEncodings.m in Sources */,
				0D7C9B8E07D58AF900571A22 /* ChannelWindowController.m in Sources */,
				0D3DEE6E0839FEB300DCBB0A /* ConsoleModal.m in Sources */,
				0D1B787C0A9A7FF900018976 /* ServersController.m in Sources */,
				0D1B78B60A9AC1CB00018976 /* ImageNameToImageTransformer.m in Sources */,
				0DFEAA970A9DA54E00F4FB38 /* EditCellController.m in Sources */,
				0DFEAB3C0A9DEAC000F4FB38 /* FontNameToFontTransformer.m in Sources */,
				0DFEAB3E0A9DEAC000F4FB38 /* FontWell.m in Sources */,
				0DFEABD60A9E716100F4FB38 /* ServerModal.m in Sources */,
				0D9FC4FEC5B0652200CB563B /* ServersWindowController.m in Sources */,
				0D9FC572C5B0652200CB563B /* ColorNameToColorTransformer.m in Sources */,
				0DEF43880B5C80DE00649C2D /* BindingItem.m in Sources */,
				0DEF48350B6048A100649C2D /* ChannelViewController.m in Sources */,
				0D6E748F0B662829000A1FB8 /* IsEmptyStringTransformer.m in Sources */,
				0D98ECF10DAEE13E0089DD12 /* BufferedFieldEditor.m in Sources */,
				0D5126A30DB3484A00FFC84A /* main.m in Sources */,
				0D9C91EA0DBC0EB100627DD6 /* SelectedValueToIndexTransformer.m in Sources */,
			);
			runOnlyForDeploymentPostprocessing = 0;
		};
/* End PBXSourcesBuildPhase section */

/* Begin XCBuildConfiguration section */
		0D1BA9E3086E993500E3E8C8 /* Development */ = {
			isa = XCBuildConfiguration;
			buildSettings = {
				COPY_PHASE_STRIP = NO;
				DEBUGGING_SYMBOLS = YES;
				FRAMEWORK_SEARCH_PATHS = "";
				GCC_DYNAMIC_NO_PIC = NO;
				GCC_ENABLE_FIX_AND_CONTINUE = YES;
				GCC_ENABLE_TRIGRAPHS = NO;
				GCC_GENERATE_DEBUGGING_SYMBOLS = YES;
				GCC_OPTIMIZATION_LEVEL = 0;
				GCC_PRECOMPILE_PREFIX_HEADER = YES;
				GCC_PREFIX_HEADER = sources/IRcat_Prefix.pch;
				GCC_WARN_ABOUT_MISSING_PROTOTYPES = NO;
				GCC_WARN_FOUR_CHARACTER_CONSTANTS = NO;
				GCC_WARN_UNKNOWN_PRAGMAS = NO;
				HEADER_SEARCH_PATHS = "";
				INFOPLIST_FILE = Info.plist;
				INSTALL_PATH = "$(HOME)/Applications";
				LIBRARY_SEARCH_PATHS = "";
				MACOSX_DEPLOYMENT_TARGET = 10.4;
				OPTIMIZATION_CFLAGS = "-O0";
				OTHER_CFLAGS = "-DIRCAT_DEBUG";
				OTHER_LDFLAGS = "";
				PRODUCT_NAME = IRcat;
				SDKROOT = /Developer/SDKs/MacOSX10.4u.sdk;
				SECTORDER_FLAGS = "";
				WARNING_CFLAGS = (
					"-Wmost",
					"-Wno-four-char-constants",
					"-Wno-unknown-pragmas",
				);
				WRAPPER_EXTENSION = app;
				ZERO_LINK = YES;
			};
			name = Development;
		};
		0D1BA9E4086E993500E3E8C8 /* Deployment */ = {
			isa = XCBuildConfiguration;
			buildSettings = {
				COPY_PHASE_STRIP = YES;
				FRAMEWORK_SEARCH_PATHS = "";
				GCC_ENABLE_FIX_AND_CONTINUE = NO;
				GCC_ENABLE_TRIGRAPHS = NO;
				GCC_GENERATE_DEBUGGING_SYMBOLS = NO;
				GCC_PRECOMPILE_PREFIX_HEADER = YES;
				GCC_PREFIX_HEADER = sources/IRcat_Prefix.pch;
				GCC_WARN_ABOUT_MISSING_PROTOTYPES = NO;
				GCC_WARN_FOUR_CHARACTER_CONSTANTS = NO;
				GCC_WARN_UNKNOWN_PRAGMAS = NO;
				HEADER_SEARCH_PATHS = "";
				INFOPLIST_FILE = Info.plist;
				INSTALL_PATH = "$(HOME)/Applications";
				LIBRARY_SEARCH_PATHS = "";
				MACOSX_DEPLOYMENT_TARGET = 10.4;
				OTHER_CFLAGS = "";
				OTHER_LDFLAGS = "";
				PRODUCT_NAME = IRcat;
				SDKROOT = /Developer/SDKs/MacOSX10.4u.sdk;
				SECTORDER_FLAGS = "";
				WARNING_CFLAGS = (
					"-Wmost",
					"-Wno-four-char-constants",
					"-Wno-unknown-pragmas",
				);
				WRAPPER_EXTENSION = app;
				ZERO_LINK = NO;
			};
			name = Deployment;
		};
		0D1BA9E7086E993500E3E8C8 /* Development */ = {
			isa = XCBuildConfiguration;
			buildSettings = {
				GCC_ENABLE_FIX_AND_CONTINUE = YES;
				GCC_MODEL_TUNING = "";
				MACOSX_DEPLOYMENT_TARGET = 10.5;
				SDKROOT = /Developer/SDKs/MacOSX10.5.sdk;
				ZERO_LINK = YES;
			};
			name = Development;
		};
		0D1BA9E8086E993500E3E8C8 /* Deployment */ = {
			isa = XCBuildConfiguration;
			buildSettings = {
				ARCHS = (
					ppc,
					i386,
				);
				GCC_MODEL_TUNING = "";
				MACOSX_DEPLOYMENT_TARGET = 10.5;
				PREBINDING = NO;
				SDKROOT = /Developer/SDKs/MacOSX10.5.sdk;
			};
			name = Deployment;
		};
/* End XCBuildConfiguration section */

/* Begin XCConfigurationList section */
		0D1BA9E2086E993500E3E8C8 /* Build configuration list for PBXNativeTarget "IRcat" */ = {
			isa = XCConfigurationList;
			buildConfigurations = (
				0D1BA9E3086E993500E3E8C8 /* Development */,
				0D1BA9E4086E993500E3E8C8 /* Deployment */,
			);
			defaultConfigurationIsVisible = 0;
			defaultConfigurationName = Deployment;
		};
		0D1BA9E6086E993500E3E8C8 /* Build configuration list for PBXProject "ircat" */ = {
			isa = XCConfigurationList;
			buildConfigurations = (
				0D1BA9E7086E993500E3E8C8 /* Development */,
				0D1BA9E8086E993500E3E8C8 /* Deployment */,
			);
			defaultConfigurationIsVisible = 0;
			defaultConfigurationName = Deployment;
		};
/* End XCConfigurationList section */
	};
	rootObject = 29B97313FDCFA39411CA2CEA /* Project object */;
}
